// !$*UTF8*$!
{
	archiveVersion = 1;
	classes = {
	};
	objectVersion = 50;
	objects = {

/* Begin PBXBuildFile section */
		9566304320AAB6C200F8A40E /* SDAppFrameTabBarController.m in Sources */ = {isa = PBXBuildFile; fileRef = 9566304220AAB6C200F8A40E /* SDAppFrameTabBarController.m */; };
		95955E9520A4C0E600755AE7 /* AppDelegate.m in Sources */ = {isa = PBXBuildFile; fileRef = 95955E9420A4C0E600755AE7 /* AppDelegate.m */; };
		95955E9D20A4C0E800755AE7 /* Assets.xcassets in Resources */ = {isa = PBXBuildFile; fileRef = 95955E9C20A4C0E800755AE7 /* Assets.xcassets */; };
		95955EA320A4C0E800755AE7 /* main.m in Sources */ = {isa = PBXBuildFile; fileRef = 95955EA220A4C0E800755AE7 /* main.m */; };
		95955EAD20A4C0E800755AE7 /* ZeroIosTests.m in Sources */ = {isa = PBXBuildFile; fileRef = 95955EAC20A4C0E800755AE7 /* ZeroIosTests.m */; };
		95955EB820A4C0E800755AE7 /* ZeroIosUITests.m in Sources */ = {isa = PBXBuildFile; fileRef = 95955EB720A4C0E800755AE7 /* ZeroIosUITests.m */; };
		95A3242220AC0B5D00F7F5C6 /* InfoPlist.strings in Resources */ = {isa = PBXBuildFile; fileRef = 95A3242420AC0B5D00F7F5C6 /* InfoPlist.strings */; };
		95A3242720AC0BDA00F7F5C6 /* Storyboard.storyboard in Resources */ = {isa = PBXBuildFile; fileRef = 95A3242620AC0BDA00F7F5C6 /* Storyboard.storyboard */; };
		95A3242A20AC0C3300F7F5C6 /* Localizable.strings in Resources */ = {isa = PBXBuildFile; fileRef = 95A3242C20AC0C3300F7F5C6 /* Localizable.strings */; };
		95A3244920AC864900F7F5C6 /* ZeroViewController.m in Sources */ = {isa = PBXBuildFile; fileRef = 95A3244820AC864900F7F5C6 /* ZeroViewController.m */; };
		95A3245620AE9B9100F7F5C6 /* DiscoverViewController.m in Sources */ = {isa = PBXBuildFile; fileRef = 95A3245520AE9B9100F7F5C6 /* DiscoverViewController.m */; };
		95A3245920AE9BAA00F7F5C6 /* MessageViewController.m in Sources */ = {isa = PBXBuildFile; fileRef = 95A3245820AE9BAA00F7F5C6 /* MessageViewController.m */; };
		95A3245C20AE9BB700F7F5C6 /* MeViewController.m in Sources */ = {isa = PBXBuildFile; fileRef = 95A3245B20AE9BB700F7F5C6 /* MeViewController.m */; };
		95A3246820AEB34700F7F5C6 /* ShowViewController.m in Sources */ = {isa = PBXBuildFile; fileRef = 95A3246720AEB34700F7F5C6 /* ShowViewController.m */; };
/* End PBXBuildFile section */

/* Begin PBXContainerItemProxy section */
		95955EA920A4C0E800755AE7 /* PBXContainerItemProxy */ = {
			isa = PBXContainerItemProxy;
			containerPortal = 95955E8820A4C0E600755AE7 /* Project object */;
			proxyType = 1;
			remoteGlobalIDString = 95955E8F20A4C0E600755AE7;
			remoteInfo = ZeroIos;
		};
		95955EB420A4C0E800755AE7 /* PBXContainerItemProxy */ = {
			isa = PBXContainerItemProxy;
			containerPortal = 95955E8820A4C0E600755AE7 /* Project object */;
			proxyType = 1;
			remoteGlobalIDString = 95955E8F20A4C0E600755AE7;
			remoteInfo = ZeroIos;
		};
/* End PBXContainerItemProxy section */

/* Begin PBXFileReference section */
		9566304120AAB6C200F8A40E /* SDAppFrameTabBarController.h */ = {isa = PBXFileReference; lastKnownFileType = sourcecode.c.h; path = SDAppFrameTabBarController.h; sourceTree = "<group>"; };
		9566304220AAB6C200F8A40E /* SDAppFrameTabBarController.m */ = {isa = PBXFileReference; lastKnownFileType = sourcecode.c.objc; path = SDAppFrameTabBarController.m; sourceTree = "<group>"; };
		95955E9020A4C0E600755AE7 /* ZeroIos.app */ = {isa = PBXFileReference; explicitFileType = wrapper.application; includeInIndex = 0; path = ZeroIos.app; sourceTree = BUILT_PRODUCTS_DIR; };
		95955E9320A4C0E600755AE7 /* AppDelegate.h */ = {isa = PBXFileReference; lastKnownFileType = sourcecode.c.h; path = AppDelegate.h; sourceTree = "<group>"; };
		95955E9420A4C0E600755AE7 /* AppDelegate.m */ = {isa = PBXFileReference; lastKnownFileType = sourcecode.c.objc; path = AppDelegate.m; sourceTree = "<group>"; };
		95955E9C20A4C0E800755AE7 /* Assets.xcassets */ = {isa = PBXFileReference; lastKnownFileType = folder.assetcatalog; path = Assets.xcassets; sourceTree = "<group>"; };
		95955EA120A4C0E800755AE7 /* Info.plist */ = {isa = PBXFileReference; lastKnownFileType = text.plist.xml; path = Info.plist; sourceTree = "<group>"; };
		95955EA220A4C0E800755AE7 /* main.m */ = {isa = PBXFileReference; lastKnownFileType = sourcecode.c.objc; path = main.m; sourceTree = "<group>"; };
		95955EA820A4C0E800755AE7 /* ZeroIosTests.xctest */ = {isa = PBXFileReference; explicitFileType = wrapper.cfbundle; includeInIndex = 0; path = ZeroIosTests.xctest; sourceTree = BUILT_PRODUCTS_DIR; };
		95955EAC20A4C0E800755AE7 /* ZeroIosTests.m */ = {isa = PBXFileReference; lastKnownFileType = sourcecode.c.objc; path = ZeroIosTests.m; sourceTree = "<group>"; };
		95955EAE20A4C0E800755AE7 /* Info.plist */ = {isa = PBXFileReference; lastKnownFileType = text.plist.xml; path = Info.plist; sourceTree = "<group>"; };
		95955EB320A4C0E800755AE7 /* ZeroIosUITests.xctest */ = {isa = PBXFileReference; explicitFileType = wrapper.cfbundle; includeInIndex = 0; path = ZeroIosUITests.xctest; sourceTree = BUILT_PRODUCTS_DIR; };
		95955EB720A4C0E800755AE7 /* ZeroIosUITests.m */ = {isa = PBXFileReference; lastKnownFileType = sourcecode.c.objc; path = ZeroIosUITests.m; sourceTree = "<group>"; };
		95955EB920A4C0E800755AE7 /* Info.plist */ = {isa = PBXFileReference; lastKnownFileType = text.plist.xml; path = Info.plist; sourceTree = "<group>"; };
		95A3241920AC09D800F7F5C6 /* PrefixHeader.pch */ = {isa = PBXFileReference; lastKnownFileType = sourcecode.c.h; path = PrefixHeader.pch; sourceTree = "<group>"; };
		95A3242320AC0B5D00F7F5C6 /* en */ = {isa = PBXFileReference; lastKnownFileType = text.plist.strings; name = en; path = en.lproj/InfoPlist.strings; sourceTree = "<group>"; };
		95A3242520AC0B6000F7F5C6 /* zh-Hans */ = {isa = PBXFileReference; lastKnownFileType = text.plist.strings; name = "zh-Hans"; path = "zh-Hans.lproj/InfoPlist.strings"; sourceTree = "<group>"; };
		95A3242620AC0BDA00F7F5C6 /* Storyboard.storyboard */ = {isa = PBXFileReference; lastKnownFileType = file.storyboard; path = Storyboard.storyboard; sourceTree = "<group>"; };
		95A3242B20AC0C3300F7F5C6 /* zh-Hans */ = {isa = PBXFileReference; lastKnownFileType = text.plist.strings; name = "zh-Hans"; path = "zh-Hans.lproj/Localizable.strings"; sourceTree = "<group>"; };
		95A3242E20AC0E2B00F7F5C6 /* en */ = {isa = PBXFileReference; lastKnownFileType = text.plist.strings; name = en; path = en.lproj/Localizable.strings; sourceTree = "<group>"; };
		95A3244720AC864900F7F5C6 /* ZeroViewController.h */ = {isa = PBXFileReference; lastKnownFileType = sourcecode.c.h; path = ZeroViewController.h; sourceTree = "<group>"; };
		95A3244820AC864900F7F5C6 /* ZeroViewController.m */ = {isa = PBXFileReference; lastKnownFileType = sourcecode.c.objc; path = ZeroViewController.m; sourceTree = "<group>"; };
		95A3245420AE9B9100F7F5C6 /* DiscoverViewController.h */ = {isa = PBXFileReference; lastKnownFileType = sourcecode.c.h; path = DiscoverViewController.h; sourceTree = "<group>"; };
		95A3245520AE9B9100F7F5C6 /* DiscoverViewController.m */ = {isa = PBXFileReference; lastKnownFileType = sourcecode.c.objc; path = DiscoverViewController.m; sourceTree = "<group>"; };
		95A3245720AE9BAA00F7F5C6 /* MessageViewController.h */ = {isa = PBXFileReference; lastKnownFileType = sourcecode.c.h; path = MessageViewController.h; sourceTree = "<group>"; };
		95A3245820AE9BAA00F7F5C6 /* MessageViewController.m */ = {isa = PBXFileReference; lastKnownFileType = sourcecode.c.objc; path = MessageViewController.m; sourceTree = "<group>"; };
		95A3245A20AE9BB700F7F5C6 /* MeViewController.h */ = {isa = PBXFileReference; lastKnownFileType = sourcecode.c.h; path = MeViewController.h; sourceTree = "<group>"; };
		95A3245B20AE9BB700F7F5C6 /* MeViewController.m */ = {isa = PBXFileReference; lastKnownFileType = sourcecode.c.objc; path = MeViewController.m; sourceTree = "<group>"; };
		95A3246620AEB34700F7F5C6 /* ShowViewController.h */ = {isa = PBXFileReference; lastKnownFileType = sourcecode.c.h; path = ShowViewController.h; sourceTree = "<group>"; };
		95A3246720AEB34700F7F5C6 /* ShowViewController.m */ = {isa = PBXFileReference; lastKnownFileType = sourcecode.c.objc; path = ShowViewController.m; sourceTree = "<group>"; };
/* End PBXFileReference section */

/* Begin PBXFrameworksBuildPhase section */
		95955E8D20A4C0E600755AE7 /* Frameworks */ = {
			isa = PBXFrameworksBuildPhase;
			buildActionMask = 2147483647;
			files = (
			);
			runOnlyForDeploymentPostprocessing = 0;
		};
		95955EA520A4C0E800755AE7 /* Frameworks */ = {
			isa = PBXFrameworksBuildPhase;
			buildActionMask = 2147483647;
			files = (
			);
			runOnlyForDeploymentPostprocessing = 0;
		};
		95955EB020A4C0E800755AE7 /* Frameworks */ = {
			isa = PBXFrameworksBuildPhase;
			buildActionMask = 2147483647;
			files = (
			);
			runOnlyForDeploymentPostprocessing = 0;
		};
/* End PBXFrameworksBuildPhase section */

/* Begin PBXGroup section */
		9503BDBF20A4C77C00269805 /* Supportting Files */ = {
			isa = PBXGroup;
			children = (
				95955EA220A4C0E800755AE7 /* main.m */,
			);
			path = "Supportting Files";
			sourceTree = "<group>";
		};
		9566303E20AAA59C00F8A40E /* Classes */ = {
			isa = PBXGroup;
			children = (
				95A3242F20AC7BAD00F7F5C6 /* Zero */,
				95A3243420AC7C5300F7F5C6 /* Show */,
				95A3243220AC7C3700F7F5C6 /* Discover */,
				95A3243120AC7C2800F7F5C6 /* Message */,
				95A3243020AC7C0F00F7F5C6 /* Me */,
				95A3241720AC097E00F7F5C6 /* Common */,
			);
			path = Classes;
			sourceTree = "<group>";
		};
		9566303F20AAA5B300F8A40E /* Others */ = {
			isa = PBXGroup;
			children = (
				95955E9C20A4C0E800755AE7 /* Assets.xcassets */,
				95955EA120A4C0E800755AE7 /* Info.plist */,
				9503BDBF20A4C77C00269805 /* Supportting Files */,
				95A3242620AC0BDA00F7F5C6 /* Storyboard.storyboard */,
			);
			path = Others;
			sourceTree = "<group>";
		};
		9566304020AAB61700F8A40E /* AppFrame */ = {
			isa = PBXGroup;
			children = (
				9566304120AAB6C200F8A40E /* SDAppFrameTabBarController.h */,
				9566304220AAB6C200F8A40E /* SDAppFrameTabBarController.m */,
			);
			path = AppFrame;
			sourceTree = "<group>";
		};
		95955E8720A4C0E600755AE7 = {
			isa = PBXGroup;
			children = (
				95955E9120A4C0E600755AE7 /* Products */,
				95955E9220A4C0E600755AE7 /* ZeroIos */,
				95955EAB20A4C0E800755AE7 /* ZeroIosTests */,
				95955EB620A4C0E800755AE7 /* ZeroIosUITests */,
			);
			sourceTree = "<group>";
		};
		95955E9120A4C0E600755AE7 /* Products */ = {
			isa = PBXGroup;
			children = (
				95955E9020A4C0E600755AE7 /* ZeroIos.app */,
				95955EA820A4C0E800755AE7 /* ZeroIosTests.xctest */,
				95955EB320A4C0E800755AE7 /* ZeroIosUITests.xctest */,
			);
			name = Products;
			sourceTree = "<group>";
		};
		95955E9220A4C0E600755AE7 /* ZeroIos */ = {
			isa = PBXGroup;
			children = (
				9566303E20AAA59C00F8A40E /* Classes */,
				9566303F20AAA5B300F8A40E /* Others */,
			);
			path = ZeroIos;
			sourceTree = "<group>";
		};
		95955EAB20A4C0E800755AE7 /* ZeroIosTests */ = {
			isa = PBXGroup;
			children = (
				95955EAC20A4C0E800755AE7 /* ZeroIosTests.m */,
				95955EAE20A4C0E800755AE7 /* Info.plist */,
			);
			path = ZeroIosTests;
			sourceTree = "<group>";
		};
		95955EB620A4C0E800755AE7 /* ZeroIosUITests */ = {
			isa = PBXGroup;
			children = (
				95955EB720A4C0E800755AE7 /* ZeroIosUITests.m */,
				95955EB920A4C0E800755AE7 /* Info.plist */,
			);
			path = ZeroIosUITests;
			sourceTree = "<group>";
		};
		95A3241620AB31D100F7F5C6 /* AppDelegate */ = {
			isa = PBXGroup;
			children = (
				95955E9320A4C0E600755AE7 /* AppDelegate.h */,
				95955E9420A4C0E600755AE7 /* AppDelegate.m */,
			);
			path = AppDelegate;
			sourceTree = "<group>";
		};
		95A3241720AC097E00F7F5C6 /* Common */ = {
			isa = PBXGroup;
			children = (
				95A3241820AC09B500F7F5C6 /* Global */,
				95A3241620AB31D100F7F5C6 /* AppDelegate */,
				9566304020AAB61700F8A40E /* AppFrame */,
			);
			path = Common;
			sourceTree = "<group>";
		};
		95A3241820AC09B500F7F5C6 /* Global */ = {
			isa = PBXGroup;
			children = (
				95A3241920AC09D800F7F5C6 /* PrefixHeader.pch */,
				95A3242420AC0B5D00F7F5C6 /* InfoPlist.strings */,
				95A3242C20AC0C3300F7F5C6 /* Localizable.strings */,
			);
			path = Global;
			sourceTree = "<group>";
		};
		95A3242F20AC7BAD00F7F5C6 /* Zero */ = {
			isa = PBXGroup;
			children = (
				95A3243B20AC7E1D00F7F5C6 /* Controller */,
				95A3243D20AC7E1E00F7F5C6 /* Model */,
				95A3243C20AC7E1E00F7F5C6 /* View */,
			);
			path = Zero;
			sourceTree = "<group>";
		};
		95A3243020AC7C0F00F7F5C6 /* Me */ = {
			isa = PBXGroup;
			children = (
				95A3244520AC7E5600F7F5C6 /* Controller */,
				95A3244420AC7E5600F7F5C6 /* Model */,
				95A3244620AC7E5600F7F5C6 /* View */,
			);
			path = Me;
			sourceTree = "<group>";
		};
		95A3243120AC7C2800F7F5C6 /* Message */ = {
			isa = PBXGroup;
			children = (
				95A3244120AC7E4B00F7F5C6 /* Controller */,
				95A3244320AC7E4B00F7F5C6 /* Model */,
				95A3244220AC7E4B00F7F5C6 /* View */,
			);
			path = Message;
			sourceTree = "<group>";
		};
		95A3243220AC7C3700F7F5C6 /* Discover */ = {
			isa = PBXGroup;
			children = (
				95A3245320AE9B7A00F7F5C6 /* Controller */,
				95A3245120AE9B7A00F7F5C6 /* Model */,
				95A3245220AE9B7A00F7F5C6 /* View */,
			);
			path = Discover;
			sourceTree = "<group>";
		};
		95A3243420AC7C5300F7F5C6 /* Show */ = {
			isa = PBXGroup;
			children = (
				95A3243E20AC7E4000F7F5C6 /* Controller */,
				95A3243F20AC7E4000F7F5C6 /* Model */,
				95A3244020AC7E4000F7F5C6 /* View */,
			);
			path = Show;
			sourceTree = "<group>";
		};
		95A3243B20AC7E1D00F7F5C6 /* Controller */ = {
			isa = PBXGroup;
			children = (
				95A3244720AC864900F7F5C6 /* ZeroViewController.h */,
				95A3244820AC864900F7F5C6 /* ZeroViewController.m */,
			);
			path = Controller;
			sourceTree = "<group>";
		};
		95A3243C20AC7E1E00F7F5C6 /* View */ = {
			isa = PBXGroup;
			children = (
			);
			path = View;
			sourceTree = "<group>";
		};
		95A3243D20AC7E1E00F7F5C6 /* Model */ = {
			isa = PBXGroup;
			children = (
			);
			path = Model;
			sourceTree = "<group>";
		};
		95A3243E20AC7E4000F7F5C6 /* Controller */ = {
			isa = PBXGroup;
			children = (
				95A3246620AEB34700F7F5C6 /* ShowViewController.h */,
				95A3246720AEB34700F7F5C6 /* ShowViewController.m */,
			);
			path = Controller;
			sourceTree = "<group>";
		};
		95A3243F20AC7E4000F7F5C6 /* Model */ = {
			isa = PBXGroup;
			children = (
			);
			path = Model;
			sourceTree = "<group>";
		};
		95A3244020AC7E4000F7F5C6 /* View */ = {
			isa = PBXGroup;
			children = (
			);
			path = View;
			sourceTree = "<group>";
		};
		95A3244120AC7E4B00F7F5C6 /* Controller */ = {
			isa = PBXGroup;
			children = (
				95A3245720AE9BAA00F7F5C6 /* MessageViewController.h */,
				95A3245820AE9BAA00F7F5C6 /* MessageViewController.m */,
			);
			path = Controller;
			sourceTree = "<group>";
		};
		95A3244220AC7E4B00F7F5C6 /* View */ = {
			isa = PBXGroup;
			children = (
			);
			path = View;
			sourceTree = "<group>";
		};
		95A3244320AC7E4B00F7F5C6 /* Model */ = {
			isa = PBXGroup;
			children = (
			);
			path = Model;
			sourceTree = "<group>";
		};
		95A3244420AC7E5600F7F5C6 /* Model */ = {
			isa = PBXGroup;
			children = (
			);
			path = Model;
			sourceTree = "<group>";
		};
		95A3244520AC7E5600F7F5C6 /* Controller */ = {
			isa = PBXGroup;
			children = (
				95A3245A20AE9BB700F7F5C6 /* MeViewController.h */,
				95A3245B20AE9BB700F7F5C6 /* MeViewController.m */,
			);
			path = Controller;
			sourceTree = "<group>";
		};
		95A3244620AC7E5600F7F5C6 /* View */ = {
			isa = PBXGroup;
			children = (
			);
			path = View;
			sourceTree = "<group>";
		};
		95A3245120AE9B7A00F7F5C6 /* Model */ = {
			isa = PBXGroup;
			children = (
			);
			path = Model;
			sourceTree = "<group>";
		};
		95A3245220AE9B7A00F7F5C6 /* View */ = {
			isa = PBXGroup;
			children = (
			);
			path = View;
			sourceTree = "<group>";
		};
		95A3245320AE9B7A00F7F5C6 /* Controller */ = {
			isa = PBXGroup;
			children = (
				95A3245420AE9B9100F7F5C6 /* DiscoverViewController.h */,
				95A3245520AE9B9100F7F5C6 /* DiscoverViewController.m */,
			);
			path = Controller;
			sourceTree = "<group>";
		};
/* End PBXGroup section */

/* Begin PBXNativeTarget section */
		95955E8F20A4C0E600755AE7 /* ZeroIos */ = {
			isa = PBXNativeTarget;
			buildConfigurationList = 95955EBC20A4C0E800755AE7 /* Build configuration list for PBXNativeTarget "ZeroIos" */;
			buildPhases = (
				95955E8C20A4C0E600755AE7 /* Sources */,
				95955E8D20A4C0E600755AE7 /* Frameworks */,
				95955E8E20A4C0E600755AE7 /* Resources */,
			);
			buildRules = (
			);
			dependencies = (
			);
			name = ZeroIos;
			productName = ZeroIos;
			productReference = 95955E9020A4C0E600755AE7 /* ZeroIos.app */;
			productType = "com.apple.product-type.application";
		};
		95955EA720A4C0E800755AE7 /* ZeroIosTests */ = {
			isa = PBXNativeTarget;
			buildConfigurationList = 95955EBF20A4C0E800755AE7 /* Build configuration list for PBXNativeTarget "ZeroIosTests" */;
			buildPhases = (
				95955EA420A4C0E800755AE7 /* Sources */,
				95955EA520A4C0E800755AE7 /* Frameworks */,
				95955EA620A4C0E800755AE7 /* Resources */,
			);
			buildRules = (
			);
			dependencies = (
				95955EAA20A4C0E800755AE7 /* PBXTargetDependency */,
			);
			name = ZeroIosTests;
			productName = ZeroIosTests;
			productReference = 95955EA820A4C0E800755AE7 /* ZeroIosTests.xctest */;
			productType = "com.apple.product-type.bundle.unit-test";
		};
		95955EB220A4C0E800755AE7 /* ZeroIosUITests */ = {
			isa = PBXNativeTarget;
			buildConfigurationList = 95955EC220A4C0E800755AE7 /* Build configuration list for PBXNativeTarget "ZeroIosUITests" */;
			buildPhases = (
				95955EAF20A4C0E800755AE7 /* Sources */,
				95955EB020A4C0E800755AE7 /* Frameworks */,
				95955EB120A4C0E800755AE7 /* Resources */,
			);
			buildRules = (
			);
			dependencies = (
				95955EB520A4C0E800755AE7 /* PBXTargetDependency */,
			);
			name = ZeroIosUITests;
			productName = ZeroIosUITests;
			productReference = 95955EB320A4C0E800755AE7 /* ZeroIosUITests.xctest */;
			productType = "com.apple.product-type.bundle.ui-testing";
		};
/* End PBXNativeTarget section */

/* Begin PBXProject section */
		95955E8820A4C0E600755AE7 /* Project object */ = {
			isa = PBXProject;
			attributes = {
				LastUpgradeCheck = 0930;
				ORGANIZATIONNAME = zeluo;
				TargetAttributes = {
					95955E8F20A4C0E600755AE7 = {
						CreatedOnToolsVersion = 9.3;
					};
					95955EA720A4C0E800755AE7 = {
						CreatedOnToolsVersion = 9.3;
						TestTargetID = 95955E8F20A4C0E600755AE7;
					};
					95955EB220A4C0E800755AE7 = {
						CreatedOnToolsVersion = 9.3;
						TestTargetID = 95955E8F20A4C0E600755AE7;
					};
				};
			};
			buildConfigurationList = 95955E8B20A4C0E600755AE7 /* Build configuration list for PBXProject "ZeroIos" */;
			compatibilityVersion = "Xcode 9.3";
			developmentRegion = en;
			hasScannedForEncodings = 0;
			knownRegions = (
				en,
				Base,
				"zh-Hans",
			);
			mainGroup = 95955E8720A4C0E600755AE7;
			productRefGroup = 95955E9120A4C0E600755AE7 /* Products */;
			projectDirPath = "";
			projectRoot = "";
			targets = (
				95955E8F20A4C0E600755AE7 /* ZeroIos */,
				95955EA720A4C0E800755AE7 /* ZeroIosTests */,
				95955EB220A4C0E800755AE7 /* ZeroIosUITests */,
			);
		};
/* End PBXProject section */

/* Begin PBXResourcesBuildPhase section */
		95955E8E20A4C0E600755AE7 /* Resources */ = {
			isa = PBXResourcesBuildPhase;
			buildActionMask = 2147483647;
			files = (
				95A3242220AC0B5D00F7F5C6 /* InfoPlist.strings in Resources */,
				95A3242A20AC0C3300F7F5C6 /* Localizable.strings in Resources */,
				95955E9D20A4C0E800755AE7 /* Assets.xcassets in Resources */,
				95A3242720AC0BDA00F7F5C6 /* Storyboard.storyboard in Resources */,
			);
			runOnlyForDeploymentPostprocessing = 0;
		};
		95955EA620A4C0E800755AE7 /* Resources */ = {
			isa = PBXResourcesBuildPhase;
			buildActionMask = 2147483647;
			files = (
			);
			runOnlyForDeploymentPostprocessing = 0;
		};
		95955EB120A4C0E800755AE7 /* Resources */ = {
			isa = PBXResourcesBuildPhase;
			buildActionMask = 2147483647;
			files = (
			);
			runOnlyForDeploymentPostprocessing = 0;
		};
/* End PBXResourcesBuildPhase section */

/* Begin PBXSourcesBuildPhase section */
		95955E8C20A4C0E600755AE7 /* Sources */ = {
			isa = PBXSourcesBuildPhase;
			buildActionMask = 2147483647;
			files = (
				95955EA320A4C0E800755AE7 /* main.m in Sources */,
				95A3245620AE9B9100F7F5C6 /* DiscoverViewController.m in Sources */,
				9566304320AAB6C200F8A40E /* SDAppFrameTabBarController.m in Sources */,
				95A3244920AC864900F7F5C6 /* ZeroViewController.m in Sources */,
				95955E9520A4C0E600755AE7 /* AppDelegate.m in Sources */,
				95A3245C20AE9BB700F7F5C6 /* MeViewController.m in Sources */,
				95A3245920AE9BAA00F7F5C6 /* MessageViewController.m in Sources */,
				95A3246820AEB34700F7F5C6 /* ShowViewController.m in Sources */,
			);
			runOnlyForDeploymentPostprocessing = 0;
		};
		95955EA420A4C0E800755AE7 /* Sources */ = {
			isa = PBXSourcesBuildPhase;
			buildActionMask = 2147483647;
			files = (
				95955EAD20A4C0E800755AE7 /* ZeroIosTests.m in Sources */,
			);
			runOnlyForDeploymentPostprocessing = 0;
		};
		95955EAF20A4C0E800755AE7 /* Sources */ = {
			isa = PBXSourcesBuildPhase;
			buildActionMask = 2147483647;
			files = (
				95955EB820A4C0E800755AE7 /* ZeroIosUITests.m in Sources */,
			);
			runOnlyForDeploymentPostprocessing = 0;
		};
/* End PBXSourcesBuildPhase section */

/* Begin PBXTargetDependency section */
		95955EAA20A4C0E800755AE7 /* PBXTargetDependency */ = {
			isa = PBXTargetDependency;
			target = 95955E8F20A4C0E600755AE7 /* ZeroIos */;
			targetProxy = 95955EA920A4C0E800755AE7 /* PBXContainerItemProxy */;
		};
		95955EB520A4C0E800755AE7 /* PBXTargetDependency */ = {
			isa = PBXTargetDependency;
			target = 95955E8F20A4C0E600755AE7 /* ZeroIos */;
			targetProxy = 95955EB420A4C0E800755AE7 /* PBXContainerItemProxy */;
		};
/* End PBXTargetDependency section */

/* Begin PBXVariantGroup section */
		95A3242420AC0B5D00F7F5C6 /* InfoPlist.strings */ = {
			isa = PBXVariantGroup;
			children = (
				95A3242320AC0B5D00F7F5C6 /* en */,
				95A3242520AC0B6000F7F5C6 /* zh-Hans */,
			);
			name = InfoPlist.strings;
			sourceTree = "<group>";
		};
		95A3242C20AC0C3300F7F5C6 /* Localizable.strings */ = {
			isa = PBXVariantGroup;
			children = (
				95A3242B20AC0C3300F7F5C6 /* zh-Hans */,
				95A3242E20AC0E2B00F7F5C6 /* en */,
			);
			name = Localizable.strings;
			sourceTree = "<group>";
		};
/* End PBXVariantGroup section */

/* Begin XCBuildConfiguration section */
		95955EBA20A4C0E800755AE7 /* Debug */ = {
			isa = XCBuildConfiguration;
			buildSettings = {
				ALWAYS_SEARCH_USER_PATHS = NO;
				CLANG_ANALYZER_LOCALIZABILITY_NONLOCALIZED = YES;
				CLANG_ANALYZER_NONNULL = YES;
				CLANG_ANALYZER_NUMBER_OBJECT_CONVERSION = YES_AGGRESSIVE;
				CLANG_CXX_LANGUAGE_STANDARD = "gnu++14";
				CLANG_CXX_LIBRARY = "libc++";
				CLANG_ENABLE_MODULES = YES;
				CLANG_ENABLE_OBJC_ARC = YES;
				CLANG_ENABLE_OBJC_WEAK = YES;
				CLANG_WARN_BLOCK_CAPTURE_AUTORELEASING = YES;
				CLANG_WARN_BOOL_CONVERSION = YES;
				CLANG_WARN_COMMA = YES;
				CLANG_WARN_CONSTANT_CONVERSION = YES;
				CLANG_WARN_DEPRECATED_OBJC_IMPLEMENTATIONS = YES;
				CLANG_WARN_DIRECT_OBJC_ISA_USAGE = YES_ERROR;
				CLANG_WARN_DOCUMENTATION_COMMENTS = YES;
				CLANG_WARN_EMPTY_BODY = YES;
				CLANG_WARN_ENUM_CONVERSION = YES;
				CLANG_WARN_INFINITE_RECURSION = YES;
				CLANG_WARN_INT_CONVERSION = YES;
				CLANG_WARN_NON_LITERAL_NULL_CONVERSION = YES;
				CLANG_WARN_OBJC_IMPLICIT_RETAIN_SELF = YES;
				CLANG_WARN_OBJC_LITERAL_CONVERSION = YES;
				CLANG_WARN_OBJC_ROOT_CLASS = YES_ERROR;
				CLANG_WARN_RANGE_LOOP_ANALYSIS = YES;
				CLANG_WARN_STRICT_PROTOTYPES = YES;
				CLANG_WARN_SUSPICIOUS_MOVE = YES;
				CLANG_WARN_UNGUARDED_AVAILABILITY = YES_AGGRESSIVE;
				CLANG_WARN_UNREACHABLE_CODE = YES;
				CLANG_WARN__DUPLICATE_METHOD_MATCH = YES;
				CODE_SIGN_IDENTITY = "iPhone Developer";
				COPY_PHASE_STRIP = NO;
				DEBUG_INFORMATION_FORMAT = dwarf;
				ENABLE_STRICT_OBJC_MSGSEND = YES;
				ENABLE_TESTABILITY = YES;
				GCC_C_LANGUAGE_STANDARD = gnu11;
				GCC_DYNAMIC_NO_PIC = NO;
				GCC_NO_COMMON_BLOCKS = YES;
				GCC_OPTIMIZATION_LEVEL = 0;
				GCC_PRECOMPILE_PREFIX_HEADER = YES;
				GCC_PREFIX_HEADER = "$(SRCROOT)/ZeroIos/Classes/Common/Global/PrefixHeader.pch";
				GCC_PREPROCESSOR_DEFINITIONS = (
					"DEBUG=1",
					"$(inherited)",
				);
				GCC_WARN_64_TO_32_BIT_CONVERSION = YES;
				GCC_WARN_ABOUT_RETURN_TYPE = YES_ERROR;
				GCC_WARN_UNDECLARED_SELECTOR = YES;
				GCC_WARN_UNINITIALIZED_AUTOS = YES_AGGRESSIVE;
				GCC_WARN_UNUSED_FUNCTION = YES;
				GCC_WARN_UNUSED_VARIABLE = YES;
				INFOPLIST_FILE = "";
				INFOPLIST_PREFIX_HEADER = "";
				IPHONEOS_DEPLOYMENT_TARGET = 11.3;
				MTL_ENABLE_DEBUG_INFO = YES;
				ONLY_ACTIVE_ARCH = YES;
				SDKROOT = iphoneos;
			};
			name = Debug;
		};
		95955EBB20A4C0E800755AE7 /* Release */ = {
			isa = XCBuildConfiguration;
			buildSettings = {
				ALWAYS_SEARCH_USER_PATHS = NO;
				CLANG_ANALYZER_LOCALIZABILITY_NONLOCALIZED = YES;
				CLANG_ANALYZER_NONNULL = YES;
				CLANG_ANALYZER_NUMBER_OBJECT_CONVERSION = YES_AGGRESSIVE;
				CLANG_CXX_LANGUAGE_STANDARD = "gnu++14";
				CLANG_CXX_LIBRARY = "libc++";
				CLANG_ENABLE_MODULES = YES;
				CLANG_ENABLE_OBJC_ARC = YES;
				CLANG_ENABLE_OBJC_WEAK = YES;
				CLANG_WARN_BLOCK_CAPTURE_AUTORELEASING = YES;
				CLANG_WARN_BOOL_CONVERSION = YES;
				CLANG_WARN_COMMA = YES;
				CLANG_WARN_CONSTANT_CONVERSION = YES;
				CLANG_WARN_DEPRECATED_OBJC_IMPLEMENTATIONS = YES;
				CLANG_WARN_DIRECT_OBJC_ISA_USAGE = YES_ERROR;
				CLANG_WARN_DOCUMENTATION_COMMENTS = YES;
				CLANG_WARN_EMPTY_BODY = YES;
				CLANG_WARN_ENUM_CONVERSION = YES;
				CLANG_WARN_INFINITE_RECURSION = YES;
				CLANG_WARN_INT_CONVERSION = YES;
				CLANG_WARN_NON_LITERAL_NULL_CONVERSION = YES;
				CLANG_WARN_OBJC_IMPLICIT_RETAIN_SELF = YES;
				CLANG_WARN_OBJC_LITERAL_CONVERSION = YES;
				CLANG_WARN_OBJC_ROOT_CLASS = YES_ERROR;
				CLANG_WARN_RANGE_LOOP_ANALYSIS = YES;
				CLANG_WARN_STRICT_PROTOTYPES = YES;
				CLANG_WARN_SUSPICIOUS_MOVE = YES;
				CLANG_WARN_UNGUARDED_AVAILABILITY = YES_AGGRESSIVE;
				CLANG_WARN_UNREACHABLE_CODE = YES;
				CLANG_WARN__DUPLICATE_METHOD_MATCH = YES;
				CODE_SIGN_IDENTITY = "iPhone Developer";
				COPY_PHASE_STRIP = NO;
				DEBUG_INFORMATION_FORMAT = "dwarf-with-dsym";
				ENABLE_NS_ASSERTIONS = NO;
				ENABLE_STRICT_OBJC_MSGSEND = YES;
				GCC_C_LANGUAGE_STANDARD = gnu11;
				GCC_NO_COMMON_BLOCKS = YES;
				GCC_PRECOMPILE_PREFIX_HEADER = YES;
				GCC_PREFIX_HEADER = "$(SRCROOT)/ZeroIos/Classes/Common/Global/PrefixHeader.pch";
				GCC_WARN_64_TO_32_BIT_CONVERSION = YES;
				GCC_WARN_ABOUT_RETURN_TYPE = YES_ERROR;
				GCC_WARN_UNDECLARED_SELECTOR = YES;
				GCC_WARN_UNINITIALIZED_AUTOS = YES_AGGRESSIVE;
				GCC_WARN_UNUSED_FUNCTION = YES;
				GCC_WARN_UNUSED_VARIABLE = YES;
				INFOPLIST_FILE = "";
				INFOPLIST_PREFIX_HEADER = "";
				IPHONEOS_DEPLOYMENT_TARGET = 11.3;
				MTL_ENABLE_DEBUG_INFO = NO;
				SDKROOT = iphoneos;
				VALIDATE_PRODUCT = YES;
			};
			name = Release;
		};
		95955EBD20A4C0E800755AE7 /* Debug */ = {
			isa = XCBuildConfiguration;
			buildSettings = {
				ASSETCATALOG_COMPILER_APPICON_NAME = AppIcon;
				CODE_SIGN_STYLE = Automatic;
				DEVELOPMENT_TEAM = "";
				GCC_PRECOMPILE_PREFIX_HEADER = YES;
				INFOPLIST_FILE = ZeroIos/Others/Info.plist;
				INFOPLIST_PREFIX_HEADER = "$(SRCROOT)/ZeroIos/Classes/Common/Global/PrefixHeader.pch";
				LD_RUNPATH_SEARCH_PATHS = (
					"$(inherited)",
					"@executable_path/Frameworks",
				);
				PRODUCT_BUNDLE_IDENTIFIER = mobi.zerodistance;
				PRODUCT_NAME = "$(TARGET_NAME)";
				TARGETED_DEVICE_FAMILY = "1,2";
			};
			name = Debug;
		};
		95955EBE20A4C0E800755AE7 /* Release */ = {
			isa = XCBuildConfiguration;
			buildSettings = {
				ASSETCATALOG_COMPILER_APPICON_NAME = AppIcon;
				CODE_SIGN_STYLE = Automatic;
				DEVELOPMENT_TEAM = "";
				GCC_PRECOMPILE_PREFIX_HEADER = YES;
				INFOPLIST_FILE = ZeroIos/Others/Info.plist;
				INFOPLIST_PREFIX_HEADER = "$(SRCROOT)/ZeroIos/Classes/Common/Global/PrefixHeader.pch";
				LD_RUNPATH_SEARCH_PATHS = (
					"$(inherited)",
					"@executable_path/Frameworks",
				);
				PRODUCT_BUNDLE_IDENTIFIER = mobi.zerodistance;
				PRODUCT_NAME = "$(TARGET_NAME)";
				TARGETED_DEVICE_FAMILY = "1,2";
			};
			name = Release;
		};
		95955EC020A4C0E800755AE7 /* Debug */ = {
			isa = XCBuildConfiguration;
			buildSettings = {
				BUNDLE_LOADER = "$(TEST_HOST)";
				CODE_SIGN_STYLE = Automatic;
				DEVELOPMENT_TEAM = G5XB43M9CX;
				INFOPLIST_FILE = ZeroIosTests/Info.plist;
				LD_RUNPATH_SEARCH_PATHS = (
					"$(inherited)",
					"@executable_path/Frameworks",
					"@loader_path/Frameworks",
				);
				PRODUCT_BUNDLE_IDENTIFIER = mobi.zerodistance.ZeroIosTests;
				PRODUCT_NAME = "$(TARGET_NAME)";
				TARGETED_DEVICE_FAMILY = "1,2";
				TEST_HOST = "$(BUILT_PRODUCTS_DIR)/ZeroIos.app/ZeroIos";
			};
			name = Debug;
		};
		95955EC120A4C0E800755AE7 /* Release */ = {
			isa = XCBuildConfiguration;
			buildSettings = {
				BUNDLE_LOADER = "$(TEST_HOST)";
				CODE_SIGN_STYLE = Automatic;
				DEVELOPMENT_TEAM = G5XB43M9CX;
				INFOPLIST_FILE = ZeroIosTests/Info.plist;
				LD_RUNPATH_SEARCH_PATHS = (
					"$(inherited)",
					"@executable_path/Frameworks",
					"@loader_path/Frameworks",
				);
				PRODUCT_BUNDLE_IDENTIFIER = mobi.zerodistance.ZeroIosTests;
				PRODUCT_NAME = "$(TARGET_NAME)";
				TARGETED_DEVICE_FAMILY = "1,2";
				TEST_HOST = "$(BUILT_PRODUCTS_DIR)/ZeroIos.app/ZeroIos";
			};
			name = Release;
		};
		95955EC320A4C0E800755AE7 /* Debug */ = {
			isa = XCBuildConfiguration;
			buildSettings = {
				CODE_SIGN_STYLE = Automatic;
				DEVELOPMENT_TEAM = G5XB43M9CX;
				INFOPLIST_FILE = ZeroIosUITests/Info.plist;
				LD_RUNPATH_SEARCH_PATHS = (
					"$(inherited)",
					"@executable_path/Frameworks",
					"@loader_path/Frameworks",
				);
				PRODUCT_BUNDLE_IDENTIFIER = mobi.zerodistance.ZeroIosUITests;
				PRODUCT_NAME = "$(TARGET_NAME)";
				TARGETED_DEVICE_FAMILY = "1,2";
				TEST_TARGET_NAME = ZeroIos;
			};
			name = Debug;
		};
		95955EC420A4C0E800755AE7 /* Release */ = {
			isa = XCBuildConfiguration;
			buildSettings = {
				CODE_SIGN_STYLE = Automatic;
				DEVELOPMENT_TEAM = G5XB43M9CX;
				INFOPLIST_FILE = ZeroIosUITests/Info.plist;
				LD_RUNPATH_SEARCH_PATHS = (
					"$(inherited)",
					"@executable_path/Frameworks",
					"@loader_path/Frameworks",
				);
				PRODUCT_BUNDLE_IDENTIFIER = mobi.zerodistance.ZeroIosUITests;
				PRODUCT_NAME = "$(TARGET_NAME)";
				TARGETED_DEVICE_FAMILY = "1,2";
				TEST_TARGET_NAME = ZeroIos;
			};
			name = Release;
		};
/* End XCBuildConfiguration section */

/* Begin XCConfigurationList section */
		95955E8B20A4C0E600755AE7 /* Build configuration list for PBXProject "ZeroIos" */ = {
			isa = XCConfigurationList;
			buildConfigurations = (
				95955EBA20A4C0E800755AE7 /* Debug */,
				95955EBB20A4C0E800755AE7 /* Release */,
			);
			defaultConfigurationIsVisible = 0;
			defaultConfigurationName = Debug;
		};
		95955EBC20A4C0E800755AE7 /* Build configuration list for PBXNativeTarget "ZeroIos" */ = {
			isa = XCConfigurationList;
			buildConfigurations = (
				95955EBD20A4C0E800755AE7 /* Debug */,
				95955EBE20A4C0E800755AE7 /* Release */,
			);
			defaultConfigurationIsVisible = 0;
			defaultConfigurationName = Debug;
		};
		95955EBF20A4C0E800755AE7 /* Build configuration list for PBXNativeTarget "ZeroIosTests" */ = {
			isa = XCConfigurationList;
			buildConfigurations = (
				95955EC020A4C0E800755AE7 /* Debug */,
				95955EC120A4C0E800755AE7 /* Release */,
			);
			defaultConfigurationIsVisible = 0;
			defaultConfigurationName = Debug;
		};
		95955EC220A4C0E800755AE7 /* Build configuration list for PBXNativeTarget "ZeroIosUITests" */ = {
			isa = XCConfigurationList;
			buildConfigurations = (
				95955EC320A4C0E800755AE7 /* Debug */,
				95955EC420A4C0E800755AE7 /* Release */,
			);
			defaultConfigurationIsVisible = 0;
			defaultConfigurationName = Debug;
		};
/* End XCConfigurationList section */
	};
	rootObject = 95955E8820A4C0E600755AE7 /* Project object */;
}
