// !$*UTF8*$!
{
	archiveVersion = 1;
	classes = {
	};
	objectVersion = 50;
	objects = {

/* Begin PBXBuildFile section */
		950EA50620AF071B00CEEC45 /* TQZeroViewCell.m in Sources */ = {isa = PBXBuildFile; fileRef = 950EA50520AF071B00CEEC45 /* TQZeroViewCell.m */; };
		950EA50B20B15B3600CEEC45 /* TQShowViewCell.m in Sources */ = {isa = PBXBuildFile; fileRef = 950EA50A20B15B3600CEEC45 /* TQShowViewCell.m */; };
		950EA50E20B1CA6C00CEEC45 /* 0.jpg in Resources */ = {isa = PBXBuildFile; fileRef = 950EA50D20B1CA6C00CEEC45 /* 0.jpg */; };
		950EA52720B1CAD400CEEC45 /* 19.jpg in Resources */ = {isa = PBXBuildFile; fileRef = 950EA50F20B1CAD000CEEC45 /* 19.jpg */; };
		950EA52820B1CAD400CEEC45 /* 20.jpg in Resources */ = {isa = PBXBuildFile; fileRef = 950EA51020B1CAD000CEEC45 /* 20.jpg */; };
		950EA52920B1CAD400CEEC45 /* 21.jpg in Resources */ = {isa = PBXBuildFile; fileRef = 950EA51120B1CAD000CEEC45 /* 21.jpg */; };
		950EA52A20B1CAD400CEEC45 /* 22.jpg in Resources */ = {isa = PBXBuildFile; fileRef = 950EA51220B1CAD000CEEC45 /* 22.jpg */; };
		950EA52B20B1CAD400CEEC45 /* 23.jpg in Resources */ = {isa = PBXBuildFile; fileRef = 950EA51320B1CAD000CEEC45 /* 23.jpg */; };
		950EA52C20B1CAD400CEEC45 /* 1.jpg in Resources */ = {isa = PBXBuildFile; fileRef = 950EA51420B1CAD000CEEC45 /* 1.jpg */; };
		950EA52D20B1CAD400CEEC45 /* 4.jpg in Resources */ = {isa = PBXBuildFile; fileRef = 950EA51520B1CAD100CEEC45 /* 4.jpg */; };
		950EA52E20B1CAD400CEEC45 /* 13.jpg in Resources */ = {isa = PBXBuildFile; fileRef = 950EA51620B1CAD100CEEC45 /* 13.jpg */; };
		950EA52F20B1CAD400CEEC45 /* 16.jpg in Resources */ = {isa = PBXBuildFile; fileRef = 950EA51720B1CAD100CEEC45 /* 16.jpg */; };
		950EA53020B1CAD400CEEC45 /* 9.jpg in Resources */ = {isa = PBXBuildFile; fileRef = 950EA51820B1CAD100CEEC45 /* 9.jpg */; };
		950EA53120B1CAD400CEEC45 /* 0.jpg in Resources */ = {isa = PBXBuildFile; fileRef = 950EA51920B1CAD100CEEC45 /* 0.jpg */; };
		950EA53220B1CAD400CEEC45 /* 17.jpg in Resources */ = {isa = PBXBuildFile; fileRef = 950EA51A20B1CAD100CEEC45 /* 17.jpg */; };
		950EA53320B1CAD400CEEC45 /* 18.jpg in Resources */ = {isa = PBXBuildFile; fileRef = 950EA51B20B1CAD200CEEC45 /* 18.jpg */; };
		950EA53420B1CAD400CEEC45 /* 6.jpg in Resources */ = {isa = PBXBuildFile; fileRef = 950EA51C20B1CAD200CEEC45 /* 6.jpg */; };
		950EA53520B1CAD400CEEC45 /* 7.jpg in Resources */ = {isa = PBXBuildFile; fileRef = 950EA51D20B1CAD200CEEC45 /* 7.jpg */; };
		950EA53620B1CAD400CEEC45 /* 3.jpg in Resources */ = {isa = PBXBuildFile; fileRef = 950EA51E20B1CAD200CEEC45 /* 3.jpg */; };
		950EA53720B1CAD400CEEC45 /* 11.jpg in Resources */ = {isa = PBXBuildFile; fileRef = 950EA51F20B1CAD200CEEC45 /* 11.jpg */; };
		950EA53820B1CAD400CEEC45 /* 10.jpg in Resources */ = {isa = PBXBuildFile; fileRef = 950EA52020B1CAD300CEEC45 /* 10.jpg */; };
		950EA53920B1CAD400CEEC45 /* 12.jpg in Resources */ = {isa = PBXBuildFile; fileRef = 950EA52120B1CAD300CEEC45 /* 12.jpg */; };
		950EA53A20B1CAD400CEEC45 /* 2.jpg in Resources */ = {isa = PBXBuildFile; fileRef = 950EA52220B1CAD300CEEC45 /* 2.jpg */; };
		950EA53B20B1CAD400CEEC45 /* 14.jpg in Resources */ = {isa = PBXBuildFile; fileRef = 950EA52320B1CAD300CEEC45 /* 14.jpg */; };
		950EA53C20B1CAD400CEEC45 /* 5.jpg in Resources */ = {isa = PBXBuildFile; fileRef = 950EA52420B1CAD300CEEC45 /* 5.jpg */; };
		950EA53D20B1CAD400CEEC45 /* 8.jpg in Resources */ = {isa = PBXBuildFile; fileRef = 950EA52520B1CAD300CEEC45 /* 8.jpg */; };
		950EA53E20B1CAD400CEEC45 /* 15.jpg in Resources */ = {isa = PBXBuildFile; fileRef = 950EA52620B1CAD300CEEC45 /* 15.jpg */; };
		950EA54420B1CADF00CEEC45 /* icon2.jpg in Resources */ = {isa = PBXBuildFile; fileRef = 950EA53F20B1CADE00CEEC45 /* icon2.jpg */; };
		950EA54520B1CADF00CEEC45 /* icon0.jpg in Resources */ = {isa = PBXBuildFile; fileRef = 950EA54020B1CADE00CEEC45 /* icon0.jpg */; };
		950EA54620B1CADF00CEEC45 /* icon4.jpg in Resources */ = {isa = PBXBuildFile; fileRef = 950EA54120B1CADE00CEEC45 /* icon4.jpg */; };
		950EA54720B1CADF00CEEC45 /* icon1.jpg in Resources */ = {isa = PBXBuildFile; fileRef = 950EA54220B1CADE00CEEC45 /* icon1.jpg */; };
		950EA54820B1CADF00CEEC45 /* icon3.jpg in Resources */ = {isa = PBXBuildFile; fileRef = 950EA54320B1CADF00CEEC45 /* icon3.jpg */; };
		95156DAE20B6B15F00DA0A44 /* TQBaseTableViewController.m in Sources */ = {isa = PBXBuildFile; fileRef = 95156DAD20B6B15F00DA0A44 /* TQBaseTableViewController.m */; };
		9519286A20C4464600DAA998 /* TQActionSheet.m in Sources */ = {isa = PBXBuildFile; fileRef = 9519286820C4464500DAA998 /* TQActionSheet.m */; };
		951FD52D20C24AD800856799 /* UIColor+Extension.m in Sources */ = {isa = PBXBuildFile; fileRef = 951FD52B20C24AD700856799 /* UIColor+Extension.m */; };
		9521848B20D03F7C008A6F74 /* TQZeroHeadView.m in Sources */ = {isa = PBXBuildFile; fileRef = 9521848A20D03F7C008A6F74 /* TQZeroHeadView.m */; };
		95286ACE20CD2012009DFD93 /* TQFliterViewController.m in Sources */ = {isa = PBXBuildFile; fileRef = 95286ACD20CD2012009DFD93 /* TQFliterViewController.m */; };
		952E6DEF20DA4062002924BB /* ZeroNormalView.m in Sources */ = {isa = PBXBuildFile; fileRef = 952E6DEE20DA4062002924BB /* ZeroNormalView.m */; };
		9544CEDD20BC181A00A3B48B /* IMMessageExt.framework in Frameworks */ = {isa = PBXBuildFile; fileRef = 9544CED720BC181A00A3B48B /* IMMessageExt.framework */; };
		9544CEDE20BC181A00A3B48B /* IMGroupExt.framework in Frameworks */ = {isa = PBXBuildFile; fileRef = 9544CED820BC181A00A3B48B /* IMGroupExt.framework */; };
		9544CEDF20BC181A00A3B48B /* QALSDK.framework in Frameworks */ = {isa = PBXBuildFile; fileRef = 9544CED920BC181A00A3B48B /* QALSDK.framework */; };
		9544CEE020BC181A00A3B48B /* TLSSDK.framework in Frameworks */ = {isa = PBXBuildFile; fileRef = 9544CEDA20BC181A00A3B48B /* TLSSDK.framework */; };
		9544CEE120BC181A00A3B48B /* IMFriendshipExt.framework in Frameworks */ = {isa = PBXBuildFile; fileRef = 9544CEDB20BC181A00A3B48B /* IMFriendshipExt.framework */; };
		9544CEE220BC181A00A3B48B /* ImSDK.framework in Frameworks */ = {isa = PBXBuildFile; fileRef = 9544CEDC20BC181A00A3B48B /* ImSDK.framework */; };
		9544CEE420BC188000A3B48B /* CoreTelephony.framework in Frameworks */ = {isa = PBXBuildFile; fileRef = 9544CEE320BC188000A3B48B /* CoreTelephony.framework */; };
		9544CEE620BC189900A3B48B /* SystemConfiguration.framework in Frameworks */ = {isa = PBXBuildFile; fileRef = 9544CEE520BC189900A3B48B /* SystemConfiguration.framework */; };
		9544CEE820BC18AD00A3B48B /* libstdc++.6.tbd in Frameworks */ = {isa = PBXBuildFile; fileRef = 9544CEE720BC18AD00A3B48B /* libstdc++.6.tbd */; };
		9544CEEA20BC18BE00A3B48B /* libc++.tbd in Frameworks */ = {isa = PBXBuildFile; fileRef = 9544CEE920BC18BE00A3B48B /* libc++.tbd */; };
		9544CEEC20BC18D500A3B48B /* libz.tbd in Frameworks */ = {isa = PBXBuildFile; fileRef = 9544CEEB20BC18D500A3B48B /* libz.tbd */; };
		9544CEEE20BC191A00A3B48B /* IMSDKBugly.framework in Frameworks */ = {isa = PBXBuildFile; fileRef = 9544CEED20BC191A00A3B48B /* IMSDKBugly.framework */; };
		9544CEF020BC214800A3B48B /* libsqlite3.tbd in Frameworks */ = {isa = PBXBuildFile; fileRef = 9544CEEF20BC214800A3B48B /* libsqlite3.tbd */; };
		9566304320AAB6C200F8A40E /* TQAppFrameTabBarController.m in Sources */ = {isa = PBXBuildFile; fileRef = 9566304220AAB6C200F8A40E /* TQAppFrameTabBarController.m */; };
		9593E34320B5C9C7002D6DC1 /* SDAnalogDataGenerator.m in Sources */ = {isa = PBXBuildFile; fileRef = 9593E34220B5C9C7002D6DC1 /* SDAnalogDataGenerator.m */; };
		95955E9520A4C0E600755AE7 /* AppDelegate.m in Sources */ = {isa = PBXBuildFile; fileRef = 95955E9420A4C0E600755AE7 /* AppDelegate.m */; };
		95955E9D20A4C0E800755AE7 /* Assets.xcassets in Resources */ = {isa = PBXBuildFile; fileRef = 95955E9C20A4C0E800755AE7 /* Assets.xcassets */; };
		95955EA320A4C0E800755AE7 /* main.m in Sources */ = {isa = PBXBuildFile; fileRef = 95955EA220A4C0E800755AE7 /* main.m */; };
		95955EAD20A4C0E800755AE7 /* ZeroIosTests.m in Sources */ = {isa = PBXBuildFile; fileRef = 95955EAC20A4C0E800755AE7 /* ZeroIosTests.m */; };
		95955EB820A4C0E800755AE7 /* ZeroIosUITests.m in Sources */ = {isa = PBXBuildFile; fileRef = 95955EB720A4C0E800755AE7 /* ZeroIosUITests.m */; };
		95A3242220AC0B5D00F7F5C6 /* InfoPlist.strings in Resources */ = {isa = PBXBuildFile; fileRef = 95A3242420AC0B5D00F7F5C6 /* InfoPlist.strings */; };
		95A3242A20AC0C3300F7F5C6 /* Localizable.strings in Resources */ = {isa = PBXBuildFile; fileRef = 95A3242C20AC0C3300F7F5C6 /* Localizable.strings */; };
		95A3244920AC864900F7F5C6 /* TQZeroViewController.m in Sources */ = {isa = PBXBuildFile; fileRef = 95A3244820AC864900F7F5C6 /* TQZeroViewController.m */; };
		95A3245620AE9B9100F7F5C6 /* TQDiscoverViewController.m in Sources */ = {isa = PBXBuildFile; fileRef = 95A3245520AE9B9100F7F5C6 /* TQDiscoverViewController.m */; };
		95A3245920AE9BAA00F7F5C6 /* TQMessageViewController.m in Sources */ = {isa = PBXBuildFile; fileRef = 95A3245820AE9BAA00F7F5C6 /* TQMessageViewController.m */; };
		95A3245C20AE9BB700F7F5C6 /* TQMeViewController.m in Sources */ = {isa = PBXBuildFile; fileRef = 95A3245B20AE9BB700F7F5C6 /* TQMeViewController.m */; };
		95A3246820AEB34700F7F5C6 /* TQShowViewController.m in Sources */ = {isa = PBXBuildFile; fileRef = 95A3246720AEB34700F7F5C6 /* TQShowViewController.m */; };
		95A3246C20AEFB3000F7F5C6 /* TQUserModel.m in Sources */ = {isa = PBXBuildFile; fileRef = 95A3246B20AEFB3000F7F5C6 /* TQUserModel.m */; };
		A0724C02E9F5FBC54BDFC5D6 /* libPods-ZeroIos.a in Frameworks */ = {isa = PBXBuildFile; fileRef = DFB657199B2875C88630CE09 /* libPods-ZeroIos.a */; };
/* End PBXBuildFile section */

/* Begin PBXContainerItemProxy section */
		95955EA920A4C0E800755AE7 /* PBXContainerItemProxy */ = {
			isa = PBXContainerItemProxy;
			containerPortal = 95955E8820A4C0E600755AE7 /* Project object */;
			proxyType = 1;
			remoteGlobalIDString = 95955E8F20A4C0E600755AE7;
			remoteInfo = ZeroIos;
		};
		95955EB420A4C0E800755AE7 /* PBXContainerItemProxy */ = {
			isa = PBXContainerItemProxy;
			containerPortal = 95955E8820A4C0E600755AE7 /* Project object */;
			proxyType = 1;
			remoteGlobalIDString = 95955E8F20A4C0E600755AE7;
			remoteInfo = ZeroIos;
		};
/* End PBXContainerItemProxy section */

/* Begin PBXFileReference section */
		630F56747CC5CE3B00F69CB2 /* Pods-ZeroIos.release.xcconfig */ = {isa = PBXFileReference; includeInIndex = 1; lastKnownFileType = text.xcconfig; name = "Pods-ZeroIos.release.xcconfig"; path = "Pods/Target Support Files/Pods-ZeroIos/Pods-ZeroIos.release.xcconfig"; sourceTree = "<group>"; };
		950EA50420AF071B00CEEC45 /* TQZeroViewCell.h */ = {isa = PBXFileReference; lastKnownFileType = sourcecode.c.h; path = TQZeroViewCell.h; sourceTree = "<group>"; };
		950EA50520AF071B00CEEC45 /* TQZeroViewCell.m */ = {isa = PBXFileReference; lastKnownFileType = sourcecode.c.objc; path = TQZeroViewCell.m; sourceTree = "<group>"; };
		950EA50920B15B3600CEEC45 /* TQShowViewCell.h */ = {isa = PBXFileReference; lastKnownFileType = sourcecode.c.h; path = TQShowViewCell.h; sourceTree = "<group>"; };
		950EA50A20B15B3600CEEC45 /* TQShowViewCell.m */ = {isa = PBXFileReference; lastKnownFileType = sourcecode.c.objc; path = TQShowViewCell.m; sourceTree = "<group>"; };
		950EA50D20B1CA6C00CEEC45 /* 0.jpg */ = {isa = PBXFileReference; lastKnownFileType = image.jpeg; path = 0.jpg; sourceTree = "<group>"; };
		950EA50F20B1CAD000CEEC45 /* 19.jpg */ = {isa = PBXFileReference; lastKnownFileType = image.jpeg; path = 19.jpg; sourceTree = "<group>"; };
		950EA51020B1CAD000CEEC45 /* 20.jpg */ = {isa = PBXFileReference; lastKnownFileType = image.jpeg; path = 20.jpg; sourceTree = "<group>"; };
		950EA51120B1CAD000CEEC45 /* 21.jpg */ = {isa = PBXFileReference; lastKnownFileType = image.jpeg; path = 21.jpg; sourceTree = "<group>"; };
		950EA51220B1CAD000CEEC45 /* 22.jpg */ = {isa = PBXFileReference; lastKnownFileType = image.jpeg; path = 22.jpg; sourceTree = "<group>"; };
		950EA51320B1CAD000CEEC45 /* 23.jpg */ = {isa = PBXFileReference; lastKnownFileType = image.jpeg; path = 23.jpg; sourceTree = "<group>"; };
		950EA51420B1CAD000CEEC45 /* 1.jpg */ = {isa = PBXFileReference; lastKnownFileType = image.jpeg; path = 1.jpg; sourceTree = "<group>"; };
		950EA51520B1CAD100CEEC45 /* 4.jpg */ = {isa = PBXFileReference; lastKnownFileType = image.jpeg; path = 4.jpg; sourceTree = "<group>"; };
		950EA51620B1CAD100CEEC45 /* 13.jpg */ = {isa = PBXFileReference; lastKnownFileType = image.jpeg; path = 13.jpg; sourceTree = "<group>"; };
		950EA51720B1CAD100CEEC45 /* 16.jpg */ = {isa = PBXFileReference; lastKnownFileType = image.jpeg; path = 16.jpg; sourceTree = "<group>"; };
		950EA51820B1CAD100CEEC45 /* 9.jpg */ = {isa = PBXFileReference; lastKnownFileType = image.jpeg; path = 9.jpg; sourceTree = "<group>"; };
		950EA51920B1CAD100CEEC45 /* 0.jpg */ = {isa = PBXFileReference; lastKnownFileType = image.jpeg; name = 0.jpg; path = "../../../../Temp2018/GSD_WeiXin-master/GSD_WeiXin(wechat)/Others/Resources/Images/cell_icons/0.jpg"; sourceTree = "<group>"; };
		950EA51A20B1CAD100CEEC45 /* 17.jpg */ = {isa = PBXFileReference; lastKnownFileType = image.jpeg; path = 17.jpg; sourceTree = "<group>"; };
		950EA51B20B1CAD200CEEC45 /* 18.jpg */ = {isa = PBXFileReference; lastKnownFileType = image.jpeg; path = 18.jpg; sourceTree = "<group>"; };
		950EA51C20B1CAD200CEEC45 /* 6.jpg */ = {isa = PBXFileReference; lastKnownFileType = image.jpeg; path = 6.jpg; sourceTree = "<group>"; };
		950EA51D20B1CAD200CEEC45 /* 7.jpg */ = {isa = PBXFileReference; lastKnownFileType = image.jpeg; path = 7.jpg; sourceTree = "<group>"; };
		950EA51E20B1CAD200CEEC45 /* 3.jpg */ = {isa = PBXFileReference; lastKnownFileType = image.jpeg; path = 3.jpg; sourceTree = "<group>"; };
		950EA51F20B1CAD200CEEC45 /* 11.jpg */ = {isa = PBXFileReference; lastKnownFileType = image.jpeg; path = 11.jpg; sourceTree = "<group>"; };
		950EA52020B1CAD300CEEC45 /* 10.jpg */ = {isa = PBXFileReference; lastKnownFileType = image.jpeg; path = 10.jpg; sourceTree = "<group>"; };
		950EA52120B1CAD300CEEC45 /* 12.jpg */ = {isa = PBXFileReference; lastKnownFileType = image.jpeg; path = 12.jpg; sourceTree = "<group>"; };
		950EA52220B1CAD300CEEC45 /* 2.jpg */ = {isa = PBXFileReference; lastKnownFileType = image.jpeg; path = 2.jpg; sourceTree = "<group>"; };
		950EA52320B1CAD300CEEC45 /* 14.jpg */ = {isa = PBXFileReference; lastKnownFileType = image.jpeg; path = 14.jpg; sourceTree = "<group>"; };
		950EA52420B1CAD300CEEC45 /* 5.jpg */ = {isa = PBXFileReference; lastKnownFileType = image.jpeg; path = 5.jpg; sourceTree = "<group>"; };
		950EA52520B1CAD300CEEC45 /* 8.jpg */ = {isa = PBXFileReference; lastKnownFileType = image.jpeg; path = 8.jpg; sourceTree = "<group>"; };
		950EA52620B1CAD300CEEC45 /* 15.jpg */ = {isa = PBXFileReference; lastKnownFileType = image.jpeg; path = 15.jpg; sourceTree = "<group>"; };
		950EA53F20B1CADE00CEEC45 /* icon2.jpg */ = {isa = PBXFileReference; lastKnownFileType = image.jpeg; path = icon2.jpg; sourceTree = "<group>"; };
		950EA54020B1CADE00CEEC45 /* icon0.jpg */ = {isa = PBXFileReference; lastKnownFileType = image.jpeg; path = icon0.jpg; sourceTree = "<group>"; };
		950EA54120B1CADE00CEEC45 /* icon4.jpg */ = {isa = PBXFileReference; lastKnownFileType = image.jpeg; path = icon4.jpg; sourceTree = "<group>"; };
		950EA54220B1CADE00CEEC45 /* icon1.jpg */ = {isa = PBXFileReference; lastKnownFileType = image.jpeg; path = icon1.jpg; sourceTree = "<group>"; };
		950EA54320B1CADF00CEEC45 /* icon3.jpg */ = {isa = PBXFileReference; lastKnownFileType = image.jpeg; path = icon3.jpg; sourceTree = "<group>"; };
		95156DAC20B6B15100DA0A44 /* TQBaseTableViewController.h */ = {isa = PBXFileReference; fileEncoding = 4; lastKnownFileType = sourcecode.c.h; path = TQBaseTableViewController.h; sourceTree = "<group>"; };
		95156DAD20B6B15F00DA0A44 /* TQBaseTableViewController.m */ = {isa = PBXFileReference; fileEncoding = 4; lastKnownFileType = sourcecode.c.objc; path = TQBaseTableViewController.m; sourceTree = "<group>"; };
		9519286820C4464500DAA998 /* TQActionSheet.m */ = {isa = PBXFileReference; fileEncoding = 4; lastKnownFileType = sourcecode.c.objc; path = TQActionSheet.m; sourceTree = "<group>"; };
		9519286920C4464600DAA998 /* TQActionSheet.h */ = {isa = PBXFileReference; fileEncoding = 4; lastKnownFileType = sourcecode.c.h; path = TQActionSheet.h; sourceTree = "<group>"; };
		951FD52B20C24AD700856799 /* UIColor+Extension.m */ = {isa = PBXFileReference; fileEncoding = 4; lastKnownFileType = sourcecode.c.objc; path = "UIColor+Extension.m"; sourceTree = "<group>"; };
		951FD52C20C24AD800856799 /* UIColor+Extension.h */ = {isa = PBXFileReference; fileEncoding = 4; lastKnownFileType = sourcecode.c.h; path = "UIColor+Extension.h"; sourceTree = "<group>"; };
		951FD52E20C24B2100856799 /* TQCategory.h */ = {isa = PBXFileReference; lastKnownFileType = sourcecode.c.h; path = TQCategory.h; sourceTree = "<group>"; };
		9521848920D03F7C008A6F74 /* TQZeroHeadView.h */ = {isa = PBXFileReference; lastKnownFileType = sourcecode.c.h; path = TQZeroHeadView.h; sourceTree = "<group>"; };
		9521848A20D03F7C008A6F74 /* TQZeroHeadView.m */ = {isa = PBXFileReference; lastKnownFileType = sourcecode.c.objc; path = TQZeroHeadView.m; sourceTree = "<group>"; };
		95286ACC20CD2012009DFD93 /* TQFliterViewController.h */ = {isa = PBXFileReference; lastKnownFileType = sourcecode.c.h; path = TQFliterViewController.h; sourceTree = "<group>"; };
		95286ACD20CD2012009DFD93 /* TQFliterViewController.m */ = {isa = PBXFileReference; lastKnownFileType = sourcecode.c.objc; path = TQFliterViewController.m; sourceTree = "<group>"; };
		952E6DED20DA4062002924BB /* ZeroNormalView.h */ = {isa = PBXFileReference; lastKnownFileType = sourcecode.c.h; path = ZeroNormalView.h; sourceTree = "<group>"; };
		952E6DEE20DA4062002924BB /* ZeroNormalView.m */ = {isa = PBXFileReference; lastKnownFileType = sourcecode.c.objc; path = ZeroNormalView.m; sourceTree = "<group>"; };
		9544CED720BC181A00A3B48B /* IMMessageExt.framework */ = {isa = PBXFileReference; lastKnownFileType = wrapper.framework; path = IMMessageExt.framework; sourceTree = "<group>"; };
		9544CED820BC181A00A3B48B /* IMGroupExt.framework */ = {isa = PBXFileReference; lastKnownFileType = wrapper.framework; path = IMGroupExt.framework; sourceTree = "<group>"; };
		9544CED920BC181A00A3B48B /* QALSDK.framework */ = {isa = PBXFileReference; lastKnownFileType = wrapper.framework; path = QALSDK.framework; sourceTree = "<group>"; };
		9544CEDA20BC181A00A3B48B /* TLSSDK.framework */ = {isa = PBXFileReference; lastKnownFileType = wrapper.framework; path = TLSSDK.framework; sourceTree = "<group>"; };
		9544CEDB20BC181A00A3B48B /* IMFriendshipExt.framework */ = {isa = PBXFileReference; lastKnownFileType = wrapper.framework; path = IMFriendshipExt.framework; sourceTree = "<group>"; };
		9544CEDC20BC181A00A3B48B /* ImSDK.framework */ = {isa = PBXFileReference; lastKnownFileType = wrapper.framework; path = ImSDK.framework; sourceTree = "<group>"; };
		9544CEE320BC188000A3B48B /* CoreTelephony.framework */ = {isa = PBXFileReference; lastKnownFileType = wrapper.framework; name = CoreTelephony.framework; path = System/Library/Frameworks/CoreTelephony.framework; sourceTree = SDKROOT; };
		9544CEE520BC189900A3B48B /* SystemConfiguration.framework */ = {isa = PBXFileReference; lastKnownFileType = wrapper.framework; name = SystemConfiguration.framework; path = System/Library/Frameworks/SystemConfiguration.framework; sourceTree = SDKROOT; };
		9544CEE720BC18AD00A3B48B /* libstdc++.6.tbd */ = {isa = PBXFileReference; lastKnownFileType = "sourcecode.text-based-dylib-definition"; name = "libstdc++.6.tbd"; path = "usr/lib/libstdc++.6.tbd"; sourceTree = SDKROOT; };
		9544CEE920BC18BE00A3B48B /* libc++.tbd */ = {isa = PBXFileReference; lastKnownFileType = "sourcecode.text-based-dylib-definition"; name = "libc++.tbd"; path = "usr/lib/libc++.tbd"; sourceTree = SDKROOT; };
		9544CEEB20BC18D500A3B48B /* libz.tbd */ = {isa = PBXFileReference; lastKnownFileType = "sourcecode.text-based-dylib-definition"; name = libz.tbd; path = usr/lib/libz.tbd; sourceTree = SDKROOT; };
		9544CEED20BC191A00A3B48B /* IMSDKBugly.framework */ = {isa = PBXFileReference; lastKnownFileType = wrapper.framework; path = IMSDKBugly.framework; sourceTree = "<group>"; };
		9544CEEF20BC214800A3B48B /* libsqlite3.tbd */ = {isa = PBXFileReference; lastKnownFileType = "sourcecode.text-based-dylib-definition"; name = libsqlite3.tbd; path = usr/lib/libsqlite3.tbd; sourceTree = SDKROOT; };
		9566304120AAB6C200F8A40E /* TQAppFrameTabBarController.h */ = {isa = PBXFileReference; lastKnownFileType = sourcecode.c.h; path = TQAppFrameTabBarController.h; sourceTree = "<group>"; };
		9566304220AAB6C200F8A40E /* TQAppFrameTabBarController.m */ = {isa = PBXFileReference; lastKnownFileType = sourcecode.c.objc; path = TQAppFrameTabBarController.m; sourceTree = "<group>"; };
		9593E34120B5C9C6002D6DC1 /* SDAnalogDataGenerator.h */ = {isa = PBXFileReference; fileEncoding = 4; lastKnownFileType = sourcecode.c.h; path = SDAnalogDataGenerator.h; sourceTree = "<group>"; };
		9593E34220B5C9C7002D6DC1 /* SDAnalogDataGenerator.m */ = {isa = PBXFileReference; fileEncoding = 4; lastKnownFileType = sourcecode.c.objc; path = SDAnalogDataGenerator.m; sourceTree = "<group>"; };
		95955E9020A4C0E600755AE7 /* ZeroIos.app */ = {isa = PBXFileReference; explicitFileType = wrapper.application; includeInIndex = 0; path = ZeroIos.app; sourceTree = BUILT_PRODUCTS_DIR; };
		95955E9320A4C0E600755AE7 /* AppDelegate.h */ = {isa = PBXFileReference; lastKnownFileType = sourcecode.c.h; path = AppDelegate.h; sourceTree = "<group>"; };
		95955E9420A4C0E600755AE7 /* AppDelegate.m */ = {isa = PBXFileReference; lastKnownFileType = sourcecode.c.objc; path = AppDelegate.m; sourceTree = "<group>"; };
		95955E9C20A4C0E800755AE7 /* Assets.xcassets */ = {isa = PBXFileReference; lastKnownFileType = folder.assetcatalog; path = Assets.xcassets; sourceTree = "<group>"; };
		95955EA120A4C0E800755AE7 /* Info.plist */ = {isa = PBXFileReference; lastKnownFileType = text.plist.xml; path = Info.plist; sourceTree = "<group>"; };
		95955EA220A4C0E800755AE7 /* main.m */ = {isa = PBXFileReference; lastKnownFileType = sourcecode.c.objc; path = main.m; sourceTree = "<group>"; };
		95955EA820A4C0E800755AE7 /* ZeroIosTests.xctest */ = {isa = PBXFileReference; explicitFileType = wrapper.cfbundle; includeInIndex = 0; path = ZeroIosTests.xctest; sourceTree = BUILT_PRODUCTS_DIR; };
		95955EAC20A4C0E800755AE7 /* ZeroIosTests.m */ = {isa = PBXFileReference; lastKnownFileType = sourcecode.c.objc; path = ZeroIosTests.m; sourceTree = "<group>"; };
		95955EAE20A4C0E800755AE7 /* Info.plist */ = {isa = PBXFileReference; lastKnownFileType = text.plist.xml; path = Info.plist; sourceTree = "<group>"; };
		95955EB320A4C0E800755AE7 /* ZeroIosUITests.xctest */ = {isa = PBXFileReference; explicitFileType = wrapper.cfbundle; includeInIndex = 0; path = ZeroIosUITests.xctest; sourceTree = BUILT_PRODUCTS_DIR; };
		95955EB720A4C0E800755AE7 /* ZeroIosUITests.m */ = {isa = PBXFileReference; lastKnownFileType = sourcecode.c.objc; path = ZeroIosUITests.m; sourceTree = "<group>"; };
		95955EB920A4C0E800755AE7 /* Info.plist */ = {isa = PBXFileReference; lastKnownFileType = text.plist.xml; path = Info.plist; sourceTree = "<group>"; };
		95A3241920AC09D800F7F5C6 /* PrefixHeader.pch */ = {isa = PBXFileReference; lastKnownFileType = sourcecode.c.h; path = PrefixHeader.pch; sourceTree = "<group>"; };
		95A3242320AC0B5D00F7F5C6 /* en */ = {isa = PBXFileReference; lastKnownFileType = text.plist.strings; name = en; path = en.lproj/InfoPlist.strings; sourceTree = "<group>"; };
		95A3242520AC0B6000F7F5C6 /* zh-Hans */ = {isa = PBXFileReference; lastKnownFileType = text.plist.strings; name = "zh-Hans"; path = "zh-Hans.lproj/InfoPlist.strings"; sourceTree = "<group>"; };
		95A3242B20AC0C3300F7F5C6 /* zh-Hans */ = {isa = PBXFileReference; lastKnownFileType = text.plist.strings; name = "zh-Hans"; path = "zh-Hans.lproj/Localizable.strings"; sourceTree = "<group>"; };
		95A3242E20AC0E2B00F7F5C6 /* en */ = {isa = PBXFileReference; lastKnownFileType = text.plist.strings; name = en; path = en.lproj/Localizable.strings; sourceTree = "<group>"; };
		95A3244720AC864900F7F5C6 /* TQZeroViewController.h */ = {isa = PBXFileReference; lastKnownFileType = sourcecode.c.h; path = TQZeroViewController.h; sourceTree = "<group>"; };
		95A3244820AC864900F7F5C6 /* TQZeroViewController.m */ = {isa = PBXFileReference; lastKnownFileType = sourcecode.c.objc; path = TQZeroViewController.m; sourceTree = "<group>"; };
		95A3245420AE9B9100F7F5C6 /* TQDiscoverViewController.h */ = {isa = PBXFileReference; lastKnownFileType = sourcecode.c.h; path = TQDiscoverViewController.h; sourceTree = "<group>"; };
		95A3245520AE9B9100F7F5C6 /* TQDiscoverViewController.m */ = {isa = PBXFileReference; lastKnownFileType = sourcecode.c.objc; path = TQDiscoverViewController.m; sourceTree = "<group>"; };
		95A3245720AE9BAA00F7F5C6 /* TQMessageViewController.h */ = {isa = PBXFileReference; lastKnownFileType = sourcecode.c.h; path = TQMessageViewController.h; sourceTree = "<group>"; };
		95A3245820AE9BAA00F7F5C6 /* TQMessageViewController.m */ = {isa = PBXFileReference; lastKnownFileType = sourcecode.c.objc; path = TQMessageViewController.m; sourceTree = "<group>"; };
		95A3245A20AE9BB700F7F5C6 /* TQMeViewController.h */ = {isa = PBXFileReference; lastKnownFileType = sourcecode.c.h; path = TQMeViewController.h; sourceTree = "<group>"; };
		95A3245B20AE9BB700F7F5C6 /* TQMeViewController.m */ = {isa = PBXFileReference; lastKnownFileType = sourcecode.c.objc; path = TQMeViewController.m; sourceTree = "<group>"; };
		95A3246620AEB34700F7F5C6 /* TQShowViewController.h */ = {isa = PBXFileReference; lastKnownFileType = sourcecode.c.h; path = TQShowViewController.h; sourceTree = "<group>"; };
		95A3246720AEB34700F7F5C6 /* TQShowViewController.m */ = {isa = PBXFileReference; lastKnownFileType = sourcecode.c.objc; path = TQShowViewController.m; sourceTree = "<group>"; };
		95A3246A20AEFB3000F7F5C6 /* TQUserModel.h */ = {isa = PBXFileReference; lastKnownFileType = sourcecode.c.h; path = TQUserModel.h; sourceTree = "<group>"; };
		95A3246B20AEFB3000F7F5C6 /* TQUserModel.m */ = {isa = PBXFileReference; lastKnownFileType = sourcecode.c.objc; path = TQUserModel.m; sourceTree = "<group>"; };
		B540401FB84561A22DAD9CFB /* Pods-ZeroIos.debug.xcconfig */ = {isa = PBXFileReference; includeInIndex = 1; lastKnownFileType = text.xcconfig; name = "Pods-ZeroIos.debug.xcconfig"; path = "Pods/Target Support Files/Pods-ZeroIos/Pods-ZeroIos.debug.xcconfig"; sourceTree = "<group>"; };
		DFB657199B2875C88630CE09 /* libPods-ZeroIos.a */ = {isa = PBXFileReference; explicitFileType = archive.ar; includeInIndex = 0; path = "libPods-ZeroIos.a"; sourceTree = BUILT_PRODUCTS_DIR; };
/* End PBXFileReference section */

/* Begin PBXFrameworksBuildPhase section */
		95955E8D20A4C0E600755AE7 /* Frameworks */ = {
			isa = PBXFrameworksBuildPhase;
			buildActionMask = 2147483647;
			files = (
				9544CEF020BC214800A3B48B /* libsqlite3.tbd in Frameworks */,
				9544CEEC20BC18D500A3B48B /* libz.tbd in Frameworks */,
				9544CEEA20BC18BE00A3B48B /* libc++.tbd in Frameworks */,
				9544CEE820BC18AD00A3B48B /* libstdc++.6.tbd in Frameworks */,
				9544CEE620BC189900A3B48B /* SystemConfiguration.framework in Frameworks */,
				9544CEE420BC188000A3B48B /* CoreTelephony.framework in Frameworks */,
				9544CEDF20BC181A00A3B48B /* QALSDK.framework in Frameworks */,
				9544CEEE20BC191A00A3B48B /* IMSDKBugly.framework in Frameworks */,
				9544CEDD20BC181A00A3B48B /* IMMessageExt.framework in Frameworks */,
				9544CEDE20BC181A00A3B48B /* IMGroupExt.framework in Frameworks */,
				9544CEE220BC181A00A3B48B /* ImSDK.framework in Frameworks */,
				9544CEE020BC181A00A3B48B /* TLSSDK.framework in Frameworks */,
				9544CEE120BC181A00A3B48B /* IMFriendshipExt.framework in Frameworks */,
				A0724C02E9F5FBC54BDFC5D6 /* libPods-ZeroIos.a in Frameworks */,
			);
			runOnlyForDeploymentPostprocessing = 0;
		};
		95955EA520A4C0E800755AE7 /* Frameworks */ = {
			isa = PBXFrameworksBuildPhase;
			buildActionMask = 2147483647;
			files = (
			);
			runOnlyForDeploymentPostprocessing = 0;
		};
		95955EB020A4C0E800755AE7 /* Frameworks */ = {
			isa = PBXFrameworksBuildPhase;
			buildActionMask = 2147483647;
			files = (
			);
			runOnlyForDeploymentPostprocessing = 0;
		};
/* End PBXFrameworksBuildPhase section */

/* Begin PBXGroup section */
		41BC686EC9A8FB0FDC2ABF1B /* Frameworks */ = {
			isa = PBXGroup;
			children = (
				9544CEEF20BC214800A3B48B /* libsqlite3.tbd */,
				9544CEEB20BC18D500A3B48B /* libz.tbd */,
				9544CEE920BC18BE00A3B48B /* libc++.tbd */,
				9544CEE720BC18AD00A3B48B /* libstdc++.6.tbd */,
				9544CEE520BC189900A3B48B /* SystemConfiguration.framework */,
				9544CEE320BC188000A3B48B /* CoreTelephony.framework */,
				DFB657199B2875C88630CE09 /* libPods-ZeroIos.a */,
			);
			name = Frameworks;
			sourceTree = "<group>";
		};
		9503BDBF20A4C77C00269805 /* Supportting Files */ = {
			isa = PBXGroup;
			children = (
				95955EA220A4C0E800755AE7 /* main.m */,
			);
			path = "Supportting Files";
			sourceTree = "<group>";
		};
		950EA50C20B1CA5B00CEEC45 /* Temp */ = {
			isa = PBXGroup;
			children = (
				9593E34120B5C9C6002D6DC1 /* SDAnalogDataGenerator.h */,
				9593E34220B5C9C7002D6DC1 /* SDAnalogDataGenerator.m */,
				950EA51920B1CAD100CEEC45 /* 0.jpg */,
				950EA51420B1CAD000CEEC45 /* 1.jpg */,
				950EA52220B1CAD300CEEC45 /* 2.jpg */,
				950EA51E20B1CAD200CEEC45 /* 3.jpg */,
				950EA51520B1CAD100CEEC45 /* 4.jpg */,
				950EA54020B1CADE00CEEC45 /* icon0.jpg */,
				950EA54220B1CADE00CEEC45 /* icon1.jpg */,
				950EA53F20B1CADE00CEEC45 /* icon2.jpg */,
				950EA54320B1CADF00CEEC45 /* icon3.jpg */,
				950EA54120B1CADE00CEEC45 /* icon4.jpg */,
				950EA52420B1CAD300CEEC45 /* 5.jpg */,
				950EA51C20B1CAD200CEEC45 /* 6.jpg */,
				950EA51D20B1CAD200CEEC45 /* 7.jpg */,
				950EA52520B1CAD300CEEC45 /* 8.jpg */,
				950EA51820B1CAD100CEEC45 /* 9.jpg */,
				950EA52020B1CAD300CEEC45 /* 10.jpg */,
				950EA51F20B1CAD200CEEC45 /* 11.jpg */,
				950EA52120B1CAD300CEEC45 /* 12.jpg */,
				950EA51620B1CAD100CEEC45 /* 13.jpg */,
				950EA52320B1CAD300CEEC45 /* 14.jpg */,
				950EA52620B1CAD300CEEC45 /* 15.jpg */,
				950EA51720B1CAD100CEEC45 /* 16.jpg */,
				950EA51A20B1CAD100CEEC45 /* 17.jpg */,
				950EA51B20B1CAD200CEEC45 /* 18.jpg */,
				950EA50F20B1CAD000CEEC45 /* 19.jpg */,
				950EA51020B1CAD000CEEC45 /* 20.jpg */,
				950EA51120B1CAD000CEEC45 /* 21.jpg */,
				950EA51220B1CAD000CEEC45 /* 22.jpg */,
				950EA51320B1CAD000CEEC45 /* 23.jpg */,
				950EA50D20B1CA6C00CEEC45 /* 0.jpg */,
			);
			path = Temp;
			sourceTree = "<group>";
		};
		951FD52A20C24ABF00856799 /* Category */ = {
			isa = PBXGroup;
			children = (
				951FD52E20C24B2100856799 /* TQCategory.h */,
				951FD52C20C24AD800856799 /* UIColor+Extension.h */,
				951FD52B20C24AD700856799 /* UIColor+Extension.m */,
			);
			path = Category;
			sourceTree = "<group>";
		};
		952D685A20BEDCF300C075D5 /* Platform */ = {
			isa = PBXGroup;
			children = (
			);
			path = Platform;
			sourceTree = "<group>";
		};
		9544CED520BC174A00A3B48B /* ZeroAdapter */ = {
			isa = PBXGroup;
			children = (
				952D685A20BEDCF300C075D5 /* Platform */,
				9544CED620BC177700A3B48B /* Framework */,
			);
			path = ZeroAdapter;
			sourceTree = "<group>";
		};
		9544CED620BC177700A3B48B /* Framework */ = {
			isa = PBXGroup;
			children = (
				9544CEDB20BC181A00A3B48B /* IMFriendshipExt.framework */,
				9544CEED20BC191A00A3B48B /* IMSDKBugly.framework */,
				9544CED820BC181A00A3B48B /* IMGroupExt.framework */,
				9544CED720BC181A00A3B48B /* IMMessageExt.framework */,
				9544CEDC20BC181A00A3B48B /* ImSDK.framework */,
				9544CED920BC181A00A3B48B /* QALSDK.framework */,
				9544CEDA20BC181A00A3B48B /* TLSSDK.framework */,
			);
			path = Framework;
			sourceTree = "<group>";
		};
		9566303E20AAA59C00F8A40E /* Classes */ = {
			isa = PBXGroup;
			children = (
				95A3242F20AC7BAD00F7F5C6 /* Zero */,
				95A3243420AC7C5300F7F5C6 /* Show */,
				95A3243220AC7C3700F7F5C6 /* Discover */,
				95A3243120AC7C2800F7F5C6 /* Message */,
				95A3243020AC7C0F00F7F5C6 /* Me */,
				95A3241720AC097E00F7F5C6 /* Common */,
			);
			path = Classes;
			sourceTree = "<group>";
		};
		9566303F20AAA5B300F8A40E /* Others */ = {
			isa = PBXGroup;
			children = (
				951FD52A20C24ABF00856799 /* Category */,
				950EA50C20B1CA5B00CEEC45 /* Temp */,
				95955E9C20A4C0E800755AE7 /* Assets.xcassets */,
				95955EA120A4C0E800755AE7 /* Info.plist */,
				9503BDBF20A4C77C00269805 /* Supportting Files */,
			);
			path = Others;
			sourceTree = "<group>";
		};
		9566304020AAB61700F8A40E /* AppFrame */ = {
			isa = PBXGroup;
			children = (
				9566304120AAB6C200F8A40E /* TQAppFrameTabBarController.h */,
				9566304220AAB6C200F8A40E /* TQAppFrameTabBarController.m */,
			);
			path = AppFrame;
			sourceTree = "<group>";
		};
		95955E8720A4C0E600755AE7 = {
			isa = PBXGroup;
			children = (
				9544CED520BC174A00A3B48B /* ZeroAdapter */,
				95955E9120A4C0E600755AE7 /* Products */,
				95955E9220A4C0E600755AE7 /* ZeroIos */,
				95955EAB20A4C0E800755AE7 /* ZeroIosTests */,
				95955EB620A4C0E800755AE7 /* ZeroIosUITests */,
				E0473063D592113ECB6A0501 /* Pods */,
				41BC686EC9A8FB0FDC2ABF1B /* Frameworks */,
			);
			sourceTree = "<group>";
		};
		95955E9120A4C0E600755AE7 /* Products */ = {
			isa = PBXGroup;
			children = (
				95955E9020A4C0E600755AE7 /* ZeroIos.app */,
				95955EA820A4C0E800755AE7 /* ZeroIosTests.xctest */,
				95955EB320A4C0E800755AE7 /* ZeroIosUITests.xctest */,
			);
			name = Products;
			sourceTree = "<group>";
		};
		95955E9220A4C0E600755AE7 /* ZeroIos */ = {
			isa = PBXGroup;
			children = (
				9566303E20AAA59C00F8A40E /* Classes */,
				9566303F20AAA5B300F8A40E /* Others */,
			);
			path = ZeroIos;
			sourceTree = "<group>";
		};
		95955EAB20A4C0E800755AE7 /* ZeroIosTests */ = {
			isa = PBXGroup;
			children = (
				95955EAC20A4C0E800755AE7 /* ZeroIosTests.m */,
				95955EAE20A4C0E800755AE7 /* Info.plist */,
			);
			path = ZeroIosTests;
			sourceTree = "<group>";
		};
		95955EB620A4C0E800755AE7 /* ZeroIosUITests */ = {
			isa = PBXGroup;
			children = (
				95955EB720A4C0E800755AE7 /* ZeroIosUITests.m */,
				95955EB920A4C0E800755AE7 /* Info.plist */,
			);
			path = ZeroIosUITests;
			sourceTree = "<group>";
		};
		95A3241620AB31D100F7F5C6 /* AppDelegate */ = {
			isa = PBXGroup;
			children = (
				95955E9320A4C0E600755AE7 /* AppDelegate.h */,
				95955E9420A4C0E600755AE7 /* AppDelegate.m */,
			);
			path = AppDelegate;
			sourceTree = "<group>";
		};
		95A3241720AC097E00F7F5C6 /* Common */ = {
			isa = PBXGroup;
			children = (
				95A3246920AEFAD200F7F5C6 /* Model */,
				95A3241820AC09B500F7F5C6 /* Global */,
				95A3241620AB31D100F7F5C6 /* AppDelegate */,
				9566304020AAB61700F8A40E /* AppFrame */,
			);
			path = Common;
			sourceTree = "<group>";
		};
		95A3241820AC09B500F7F5C6 /* Global */ = {
			isa = PBXGroup;
			children = (
				9519286920C4464600DAA998 /* TQActionSheet.h */,
				9519286820C4464500DAA998 /* TQActionSheet.m */,
				95A3241920AC09D800F7F5C6 /* PrefixHeader.pch */,
				95156DAD20B6B15F00DA0A44 /* TQBaseTableViewController.m */,
				95156DAC20B6B15100DA0A44 /* TQBaseTableViewController.h */,
				95A3242420AC0B5D00F7F5C6 /* InfoPlist.strings */,
				95A3242C20AC0C3300F7F5C6 /* Localizable.strings */,
				952E6DED20DA4062002924BB /* ZeroNormalView.h */,
				952E6DEE20DA4062002924BB /* ZeroNormalView.m */,
			);
			path = Global;
			sourceTree = "<group>";
		};
		95A3242F20AC7BAD00F7F5C6 /* Zero */ = {
			isa = PBXGroup;
			children = (
				95A3243B20AC7E1D00F7F5C6 /* Controller */,
				95A3243D20AC7E1E00F7F5C6 /* Model */,
				95A3243C20AC7E1E00F7F5C6 /* View */,
			);
			path = Zero;
			sourceTree = "<group>";
		};
		95A3243020AC7C0F00F7F5C6 /* Me */ = {
			isa = PBXGroup;
			children = (
				95A3244520AC7E5600F7F5C6 /* Controller */,
				95A3244420AC7E5600F7F5C6 /* Model */,
				95A3244620AC7E5600F7F5C6 /* View */,
			);
			path = Me;
			sourceTree = "<group>";
		};
		95A3243120AC7C2800F7F5C6 /* Message */ = {
			isa = PBXGroup;
			children = (
				95A3244120AC7E4B00F7F5C6 /* Controller */,
				95A3244320AC7E4B00F7F5C6 /* Model */,
				95A3244220AC7E4B00F7F5C6 /* View */,
			);
			path = Message;
			sourceTree = "<group>";
		};
		95A3243220AC7C3700F7F5C6 /* Discover */ = {
			isa = PBXGroup;
			children = (
				95A3245320AE9B7A00F7F5C6 /* Controller */,
				95A3245120AE9B7A00F7F5C6 /* Model */,
				95A3245220AE9B7A00F7F5C6 /* View */,
			);
			path = Discover;
			sourceTree = "<group>";
		};
		95A3243420AC7C5300F7F5C6 /* Show */ = {
			isa = PBXGroup;
			children = (
				95A3243E20AC7E4000F7F5C6 /* Controller */,
				95A3243F20AC7E4000F7F5C6 /* Model */,
				95A3244020AC7E4000F7F5C6 /* View */,
			);
			path = Show;
			sourceTree = "<group>";
		};
		95A3243B20AC7E1D00F7F5C6 /* Controller */ = {
			isa = PBXGroup;
			children = (
				95A3244720AC864900F7F5C6 /* TQZeroViewController.h */,
				95A3244820AC864900F7F5C6 /* TQZeroViewController.m */,
				95286ACC20CD2012009DFD93 /* TQFliterViewController.h */,
				95286ACD20CD2012009DFD93 /* TQFliterViewController.m */,
				9521848920D03F7C008A6F74 /* TQZeroHeadView.h */,
				9521848A20D03F7C008A6F74 /* TQZeroHeadView.m */,
			);
			path = Controller;
			sourceTree = "<group>";
		};
		95A3243C20AC7E1E00F7F5C6 /* View */ = {
			isa = PBXGroup;
			children = (
				950EA50420AF071B00CEEC45 /* TQZeroViewCell.h */,
				950EA50520AF071B00CEEC45 /* TQZeroViewCell.m */,
			);
			path = View;
			sourceTree = "<group>";
		};
		95A3243D20AC7E1E00F7F5C6 /* Model */ = {
			isa = PBXGroup;
			children = (
			);
			path = Model;
			sourceTree = "<group>";
		};
		95A3243E20AC7E4000F7F5C6 /* Controller */ = {
			isa = PBXGroup;
			children = (
				95A3246620AEB34700F7F5C6 /* TQShowViewController.h */,
				95A3246720AEB34700F7F5C6 /* TQShowViewController.m */,
			);
			path = Controller;
			sourceTree = "<group>";
		};
		95A3243F20AC7E4000F7F5C6 /* Model */ = {
			isa = PBXGroup;
			children = (
			);
			path = Model;
			sourceTree = "<group>";
		};
		95A3244020AC7E4000F7F5C6 /* View */ = {
			isa = PBXGroup;
			children = (
				950EA50920B15B3600CEEC45 /* TQShowViewCell.h */,
				950EA50A20B15B3600CEEC45 /* TQShowViewCell.m */,
			);
			path = View;
			sourceTree = "<group>";
		};
		95A3244120AC7E4B00F7F5C6 /* Controller */ = {
			isa = PBXGroup;
			children = (
				95A3245720AE9BAA00F7F5C6 /* TQMessageViewController.h */,
				95A3245820AE9BAA00F7F5C6 /* TQMessageViewController.m */,
			);
			path = Controller;
			sourceTree = "<group>";
		};
		95A3244220AC7E4B00F7F5C6 /* View */ = {
			isa = PBXGroup;
			children = (
			);
			path = View;
			sourceTree = "<group>";
		};
		95A3244320AC7E4B00F7F5C6 /* Model */ = {
			isa = PBXGroup;
			children = (
			);
			path = Model;
			sourceTree = "<group>";
		};
		95A3244420AC7E5600F7F5C6 /* Model */ = {
			isa = PBXGroup;
			children = (
			);
			path = Model;
			sourceTree = "<group>";
		};
		95A3244520AC7E5600F7F5C6 /* Controller */ = {
			isa = PBXGroup;
			children = (
				95A3245A20AE9BB700F7F5C6 /* TQMeViewController.h */,
				95A3245B20AE9BB700F7F5C6 /* TQMeViewController.m */,
			);
			path = Controller;
			sourceTree = "<group>";
		};
		95A3244620AC7E5600F7F5C6 /* View */ = {
			isa = PBXGroup;
			children = (
			);
			path = View;
			sourceTree = "<group>";
		};
		95A3245120AE9B7A00F7F5C6 /* Model */ = {
			isa = PBXGroup;
			children = (
			);
			path = Model;
			sourceTree = "<group>";
		};
		95A3245220AE9B7A00F7F5C6 /* View */ = {
			isa = PBXGroup;
			children = (
			);
			path = View;
			sourceTree = "<group>";
		};
		95A3245320AE9B7A00F7F5C6 /* Controller */ = {
			isa = PBXGroup;
			children = (
				95A3245420AE9B9100F7F5C6 /* TQDiscoverViewController.h */,
				95A3245520AE9B9100F7F5C6 /* TQDiscoverViewController.m */,
			);
			path = Controller;
			sourceTree = "<group>";
		};
		95A3246920AEFAD200F7F5C6 /* Model */ = {
			isa = PBXGroup;
			children = (
				95A3246A20AEFB3000F7F5C6 /* TQUserModel.h */,
				95A3246B20AEFB3000F7F5C6 /* TQUserModel.m */,
			);
			path = Model;
			sourceTree = "<group>";
		};
		E0473063D592113ECB6A0501 /* Pods */ = {
			isa = PBXGroup;
			children = (
				B540401FB84561A22DAD9CFB /* Pods-ZeroIos.debug.xcconfig */,
				630F56747CC5CE3B00F69CB2 /* Pods-ZeroIos.release.xcconfig */,
			);
			name = Pods;
			sourceTree = "<group>";
		};
/* End PBXGroup section */

/* Begin PBXNativeTarget section */
		95955E8F20A4C0E600755AE7 /* ZeroIos */ = {
			isa = PBXNativeTarget;
			buildConfigurationList = 95955EBC20A4C0E800755AE7 /* Build configuration list for PBXNativeTarget "ZeroIos" */;
			buildPhases = (
				E18D023BC71EC42F2C27331F /* [CP] Check Pods Manifest.lock */,
				95955E8C20A4C0E600755AE7 /* Sources */,
				95955E8D20A4C0E600755AE7 /* Frameworks */,
				95955E8E20A4C0E600755AE7 /* Resources */,
			);
			buildRules = (
			);
			dependencies = (
			);
			name = ZeroIos;
			productName = ZeroIos;
			productReference = 95955E9020A4C0E600755AE7 /* ZeroIos.app */;
			productType = "com.apple.product-type.application";
		};
		95955EA720A4C0E800755AE7 /* ZeroIosTests */ = {
			isa = PBXNativeTarget;
			buildConfigurationList = 95955EBF20A4C0E800755AE7 /* Build configuration list for PBXNativeTarget "ZeroIosTests" */;
			buildPhases = (
				95955EA420A4C0E800755AE7 /* Sources */,
				95955EA520A4C0E800755AE7 /* Frameworks */,
				95955EA620A4C0E800755AE7 /* Resources */,
			);
			buildRules = (
			);
			dependencies = (
				95955EAA20A4C0E800755AE7 /* PBXTargetDependency */,
			);
			name = ZeroIosTests;
			productName = ZeroIosTests;
			productReference = 95955EA820A4C0E800755AE7 /* ZeroIosTests.xctest */;
			productType = "com.apple.product-type.bundle.unit-test";
		};
		95955EB220A4C0E800755AE7 /* ZeroIosUITests */ = {
			isa = PBXNativeTarget;
			buildConfigurationList = 95955EC220A4C0E800755AE7 /* Build configuration list for PBXNativeTarget "ZeroIosUITests" */;
			buildPhases = (
				95955EAF20A4C0E800755AE7 /* Sources */,
				95955EB020A4C0E800755AE7 /* Frameworks */,
				95955EB120A4C0E800755AE7 /* Resources */,
			);
			buildRules = (
			);
			dependencies = (
				95955EB520A4C0E800755AE7 /* PBXTargetDependency */,
			);
			name = ZeroIosUITests;
			productName = ZeroIosUITests;
			productReference = 95955EB320A4C0E800755AE7 /* ZeroIosUITests.xctest */;
			productType = "com.apple.product-type.bundle.ui-testing";
		};
/* End PBXNativeTarget section */

/* Begin PBXProject section */
		95955E8820A4C0E600755AE7 /* Project object */ = {
			isa = PBXProject;
			attributes = {
				LastUpgradeCheck = 0930;
				ORGANIZATIONNAME = zeluo;
				TargetAttributes = {
					95955E8F20A4C0E600755AE7 = {
						CreatedOnToolsVersion = 9.3;
					};
					95955EA720A4C0E800755AE7 = {
						CreatedOnToolsVersion = 9.3;
						TestTargetID = 95955E8F20A4C0E600755AE7;
					};
					95955EB220A4C0E800755AE7 = {
						CreatedOnToolsVersion = 9.3;
						TestTargetID = 95955E8F20A4C0E600755AE7;
					};
				};
			};
			buildConfigurationList = 95955E8B20A4C0E600755AE7 /* Build configuration list for PBXProject "ZeroIos" */;
			compatibilityVersion = "Xcode 9.3";
			developmentRegion = en;
			hasScannedForEncodings = 0;
			knownRegions = (
				en,
				Base,
				"zh-Hans",
			);
			mainGroup = 95955E8720A4C0E600755AE7;
			productRefGroup = 95955E9120A4C0E600755AE7 /* Products */;
			projectDirPath = "";
			projectRoot = "";
			targets = (
				95955E8F20A4C0E600755AE7 /* ZeroIos */,
				95955EA720A4C0E800755AE7 /* ZeroIosTests */,
				95955EB220A4C0E800755AE7 /* ZeroIosUITests */,
			);
		};
/* End PBXProject section */

/* Begin PBXResourcesBuildPhase section */
		95955E8E20A4C0E600755AE7 /* Resources */ = {
			isa = PBXResourcesBuildPhase;
			buildActionMask = 2147483647;
			files = (
				950EA53B20B1CAD400CEEC45 /* 14.jpg in Resources */,
				950EA53220B1CAD400CEEC45 /* 17.jpg in Resources */,
				950EA52E20B1CAD400CEEC45 /* 13.jpg in Resources */,
				950EA53C20B1CAD400CEEC45 /* 5.jpg in Resources */,
				950EA52D20B1CAD400CEEC45 /* 4.jpg in Resources */,
				950EA53420B1CAD400CEEC45 /* 6.jpg in Resources */,
				950EA54820B1CADF00CEEC45 /* icon3.jpg in Resources */,
				950EA53820B1CAD400CEEC45 /* 10.jpg in Resources */,
				950EA52C20B1CAD400CEEC45 /* 1.jpg in Resources */,
				950EA54720B1CADF00CEEC45 /* icon1.jpg in Resources */,
				950EA53020B1CAD400CEEC45 /* 9.jpg in Resources */,
				950EA53120B1CAD400CEEC45 /* 0.jpg in Resources */,
				950EA53920B1CAD400CEEC45 /* 12.jpg in Resources */,
				950EA54420B1CADF00CEEC45 /* icon2.jpg in Resources */,
				950EA53520B1CAD400CEEC45 /* 7.jpg in Resources */,
				950EA52B20B1CAD400CEEC45 /* 23.jpg in Resources */,
				950EA53E20B1CAD400CEEC45 /* 15.jpg in Resources */,
				950EA52F20B1CAD400CEEC45 /* 16.jpg in Resources */,
				950EA52920B1CAD400CEEC45 /* 21.jpg in Resources */,
				950EA53720B1CAD400CEEC45 /* 11.jpg in Resources */,
				950EA52820B1CAD400CEEC45 /* 20.jpg in Resources */,
				950EA53620B1CAD400CEEC45 /* 3.jpg in Resources */,
				95A3242220AC0B5D00F7F5C6 /* InfoPlist.strings in Resources */,
				950EA54620B1CADF00CEEC45 /* icon4.jpg in Resources */,
				950EA52720B1CAD400CEEC45 /* 19.jpg in Resources */,
				950EA53D20B1CAD400CEEC45 /* 8.jpg in Resources */,
				950EA50E20B1CA6C00CEEC45 /* 0.jpg in Resources */,
				95A3242A20AC0C3300F7F5C6 /* Localizable.strings in Resources */,
				950EA53320B1CAD400CEEC45 /* 18.jpg in Resources */,
				950EA54520B1CADF00CEEC45 /* icon0.jpg in Resources */,
				950EA52A20B1CAD400CEEC45 /* 22.jpg in Resources */,
				950EA53A20B1CAD400CEEC45 /* 2.jpg in Resources */,
				95955E9D20A4C0E800755AE7 /* Assets.xcassets in Resources */,
			);
			runOnlyForDeploymentPostprocessing = 0;
		};
		95955EA620A4C0E800755AE7 /* Resources */ = {
			isa = PBXResourcesBuildPhase;
			buildActionMask = 2147483647;
			files = (
			);
			runOnlyForDeploymentPostprocessing = 0;
		};
		95955EB120A4C0E800755AE7 /* Resources */ = {
			isa = PBXResourcesBuildPhase;
			buildActionMask = 2147483647;
			files = (
			);
			runOnlyForDeploymentPostprocessing = 0;
		};
/* End PBXResourcesBuildPhase section */

/* Begin PBXShellScriptBuildPhase section */
		E18D023BC71EC42F2C27331F /* [CP] Check Pods Manifest.lock */ = {
			isa = PBXShellScriptBuildPhase;
			buildActionMask = 2147483647;
			files = (
			);
			inputPaths = (
				"${PODS_PODFILE_DIR_PATH}/Podfile.lock",
				"${PODS_ROOT}/Manifest.lock",
			);
			name = "[CP] Check Pods Manifest.lock";
			outputPaths = (
				"$(DERIVED_FILE_DIR)/Pods-ZeroIos-checkManifestLockResult.txt",
			);
			runOnlyForDeploymentPostprocessing = 0;
			shellPath = /bin/sh;
			shellScript = "diff \"${PODS_PODFILE_DIR_PATH}/Podfile.lock\" \"${PODS_ROOT}/Manifest.lock\" > /dev/null\nif [ $? != 0 ] ; then\n    # print error to STDERR\n    echo \"error: The sandbox is not in sync with the Podfile.lock. Run 'pod install' or update your CocoaPods installation.\" >&2\n    exit 1\nfi\n# This output is used by Xcode 'outputs' to avoid re-running this script phase.\necho \"SUCCESS\" > \"${SCRIPT_OUTPUT_FILE_0}\"\n";
			showEnvVarsInLog = 0;
		};
/* End PBXShellScriptBuildPhase section */

/* Begin PBXSourcesBuildPhase section */
		95955E8C20A4C0E600755AE7 /* Sources */ = {
			isa = PBXSourcesBuildPhase;
			buildActionMask = 2147483647;
			files = (
				95955EA320A4C0E800755AE7 /* main.m in Sources */,
				95286ACE20CD2012009DFD93 /* TQFliterViewController.m in Sources */,
				95A3245620AE9B9100F7F5C6 /* TQDiscoverViewController.m in Sources */,
				9566304320AAB6C200F8A40E /* TQAppFrameTabBarController.m in Sources */,
				95156DAE20B6B15F00DA0A44 /* TQBaseTableViewController.m in Sources */,
				95A3244920AC864900F7F5C6 /* TQZeroViewController.m in Sources */,
				9519286A20C4464600DAA998 /* TQActionSheet.m in Sources */,
				9593E34320B5C9C7002D6DC1 /* SDAnalogDataGenerator.m in Sources */,
				951FD52D20C24AD800856799 /* UIColor+Extension.m in Sources */,
				952E6DEF20DA4062002924BB /* ZeroNormalView.m in Sources */,
				95955E9520A4C0E600755AE7 /* AppDelegate.m in Sources */,
				95A3245C20AE9BB700F7F5C6 /* TQMeViewController.m in Sources */,
				95A3245920AE9BAA00F7F5C6 /* TQMessageViewController.m in Sources */,
				950EA50620AF071B00CEEC45 /* TQZeroViewCell.m in Sources */,
				950EA50B20B15B3600CEEC45 /* TQShowViewCell.m in Sources */,
				95A3246C20AEFB3000F7F5C6 /* TQUserModel.m in Sources */,
				95A3246820AEB34700F7F5C6 /* TQShowViewController.m in Sources */,
				9521848B20D03F7C008A6F74 /* TQZeroHeadView.m in Sources */,
			);
			runOnlyForDeploymentPostprocessing = 0;
		};
		95955EA420A4C0E800755AE7 /* Sources */ = {
			isa = PBXSourcesBuildPhase;
			buildActionMask = 2147483647;
			files = (
				95955EAD20A4C0E800755AE7 /* ZeroIosTests.m in Sources */,
			);
			runOnlyForDeploymentPostprocessing = 0;
		};
		95955EAF20A4C0E800755AE7 /* Sources */ = {
			isa = PBXSourcesBuildPhase;
			buildActionMask = 2147483647;
			files = (
				95955EB820A4C0E800755AE7 /* ZeroIosUITests.m in Sources */,
			);
			runOnlyForDeploymentPostprocessing = 0;
		};
/* End PBXSourcesBuildPhase section */

/* Begin PBXTargetDependency section */
		95955EAA20A4C0E800755AE7 /* PBXTargetDependency */ = {
			isa = PBXTargetDependency;
			target = 95955E8F20A4C0E600755AE7 /* ZeroIos */;
			targetProxy = 95955EA920A4C0E800755AE7 /* PBXContainerItemProxy */;
		};
		95955EB520A4C0E800755AE7 /* PBXTargetDependency */ = {
			isa = PBXTargetDependency;
			target = 95955E8F20A4C0E600755AE7 /* ZeroIos */;
			targetProxy = 95955EB420A4C0E800755AE7 /* PBXContainerItemProxy */;
		};
/* End PBXTargetDependency section */

/* Begin PBXVariantGroup section */
		95A3242420AC0B5D00F7F5C6 /* InfoPlist.strings */ = {
			isa = PBXVariantGroup;
			children = (
				95A3242320AC0B5D00F7F5C6 /* en */,
				95A3242520AC0B6000F7F5C6 /* zh-Hans */,
			);
			name = InfoPlist.strings;
			sourceTree = "<group>";
		};
		95A3242C20AC0C3300F7F5C6 /* Localizable.strings */ = {
			isa = PBXVariantGroup;
			children = (
				95A3242B20AC0C3300F7F5C6 /* zh-Hans */,
				95A3242E20AC0E2B00F7F5C6 /* en */,
			);
			name = Localizable.strings;
			sourceTree = "<group>";
		};
/* End PBXVariantGroup section */

/* Begin XCBuildConfiguration section */
		95955EBA20A4C0E800755AE7 /* Debug */ = {
			isa = XCBuildConfiguration;
			buildSettings = {
				ALWAYS_SEARCH_USER_PATHS = NO;
				CLANG_ANALYZER_LOCALIZABILITY_NONLOCALIZED = YES;
				CLANG_ANALYZER_NONNULL = YES;
				CLANG_ANALYZER_NUMBER_OBJECT_CONVERSION = YES_AGGRESSIVE;
				CLANG_CXX_LANGUAGE_STANDARD = "gnu++14";
				CLANG_CXX_LIBRARY = "libc++";
				CLANG_ENABLE_MODULES = YES;
				CLANG_ENABLE_OBJC_ARC = YES;
				CLANG_ENABLE_OBJC_WEAK = YES;
				CLANG_WARN_BLOCK_CAPTURE_AUTORELEASING = YES;
				CLANG_WARN_BOOL_CONVERSION = YES;
				CLANG_WARN_COMMA = YES;
				CLANG_WARN_CONSTANT_CONVERSION = YES;
				CLANG_WARN_DEPRECATED_OBJC_IMPLEMENTATIONS = YES;
				CLANG_WARN_DIRECT_OBJC_ISA_USAGE = YES_ERROR;
				CLANG_WARN_DOCUMENTATION_COMMENTS = YES;
				CLANG_WARN_EMPTY_BODY = YES;
				CLANG_WARN_ENUM_CONVERSION = YES;
				CLANG_WARN_INFINITE_RECURSION = YES;
				CLANG_WARN_INT_CONVERSION = YES;
				CLANG_WARN_NON_LITERAL_NULL_CONVERSION = YES;
				CLANG_WARN_OBJC_IMPLICIT_RETAIN_SELF = YES;
				CLANG_WARN_OBJC_LITERAL_CONVERSION = YES;
				CLANG_WARN_OBJC_ROOT_CLASS = YES_ERROR;
				CLANG_WARN_RANGE_LOOP_ANALYSIS = YES;
				CLANG_WARN_STRICT_PROTOTYPES = YES;
				CLANG_WARN_SUSPICIOUS_MOVE = YES;
				CLANG_WARN_UNGUARDED_AVAILABILITY = YES_AGGRESSIVE;
				CLANG_WARN_UNREACHABLE_CODE = YES;
				CLANG_WARN__DUPLICATE_METHOD_MATCH = YES;
				CODE_SIGN_IDENTITY = "iPhone Developer";
				COPY_PHASE_STRIP = NO;
				DEBUG_INFORMATION_FORMAT = dwarf;
				ENABLE_STRICT_OBJC_MSGSEND = YES;
				ENABLE_TESTABILITY = YES;
				GCC_C_LANGUAGE_STANDARD = gnu11;
				GCC_DYNAMIC_NO_PIC = NO;
				GCC_NO_COMMON_BLOCKS = YES;
				GCC_OPTIMIZATION_LEVEL = 0;
				GCC_PRECOMPILE_PREFIX_HEADER = YES;
				GCC_PREFIX_HEADER = "$(SRCROOT)/ZeroIos/Classes/Common/Global/PrefixHeader.pch";
				GCC_PREPROCESSOR_DEFINITIONS = (
					"DEBUG=1",
					"$(inherited)",
				);
				GCC_WARN_64_TO_32_BIT_CONVERSION = YES;
				GCC_WARN_ABOUT_RETURN_TYPE = YES_ERROR;
				GCC_WARN_UNDECLARED_SELECTOR = YES;
				GCC_WARN_UNINITIALIZED_AUTOS = YES_AGGRESSIVE;
				GCC_WARN_UNUSED_FUNCTION = YES;
				GCC_WARN_UNUSED_VARIABLE = YES;
				INFOPLIST_FILE = "";
				INFOPLIST_PREFIX_HEADER = "";
				IPHONEOS_DEPLOYMENT_TARGET = 11.3;
				MTL_ENABLE_DEBUG_INFO = YES;
				ONLY_ACTIVE_ARCH = YES;
				SDKROOT = iphoneos;
			};
			name = Debug;
		};
		95955EBB20A4C0E800755AE7 /* Release */ = {
			isa = XCBuildConfiguration;
			buildSettings = {
				ALWAYS_SEARCH_USER_PATHS = NO;
				CLANG_ANALYZER_LOCALIZABILITY_NONLOCALIZED = YES;
				CLANG_ANALYZER_NONNULL = YES;
				CLANG_ANALYZER_NUMBER_OBJECT_CONVERSION = YES_AGGRESSIVE;
				CLANG_CXX_LANGUAGE_STANDARD = "gnu++14";
				CLANG_CXX_LIBRARY = "libc++";
				CLANG_ENABLE_MODULES = YES;
				CLANG_ENABLE_OBJC_ARC = YES;
				CLANG_ENABLE_OBJC_WEAK = YES;
				CLANG_WARN_BLOCK_CAPTURE_AUTORELEASING = YES;
				CLANG_WARN_BOOL_CONVERSION = YES;
				CLANG_WARN_COMMA = YES;
				CLANG_WARN_CONSTANT_CONVERSION = YES;
				CLANG_WARN_DEPRECATED_OBJC_IMPLEMENTATIONS = YES;
				CLANG_WARN_DIRECT_OBJC_ISA_USAGE = YES_ERROR;
				CLANG_WARN_DOCUMENTATION_COMMENTS = YES;
				CLANG_WARN_EMPTY_BODY = YES;
				CLANG_WARN_ENUM_CONVERSION = YES;
				CLANG_WARN_INFINITE_RECURSION = YES;
				CLANG_WARN_INT_CONVERSION = YES;
				CLANG_WARN_NON_LITERAL_NULL_CONVERSION = YES;
				CLANG_WARN_OBJC_IMPLICIT_RETAIN_SELF = YES;
				CLANG_WARN_OBJC_LITERAL_CONVERSION = YES;
				CLANG_WARN_OBJC_ROOT_CLASS = YES_ERROR;
				CLANG_WARN_RANGE_LOOP_ANALYSIS = YES;
				CLANG_WARN_STRICT_PROTOTYPES = YES;
				CLANG_WARN_SUSPICIOUS_MOVE = YES;
				CLANG_WARN_UNGUARDED_AVAILABILITY = YES_AGGRESSIVE;
				CLANG_WARN_UNREACHABLE_CODE = YES;
				CLANG_WARN__DUPLICATE_METHOD_MATCH = YES;
				CODE_SIGN_IDENTITY = "iPhone Developer";
				COPY_PHASE_STRIP = NO;
				DEBUG_INFORMATION_FORMAT = "dwarf-with-dsym";
				ENABLE_NS_ASSERTIONS = NO;
				ENABLE_STRICT_OBJC_MSGSEND = YES;
				GCC_C_LANGUAGE_STANDARD = gnu11;
				GCC_NO_COMMON_BLOCKS = YES;
				GCC_PRECOMPILE_PREFIX_HEADER = YES;
				GCC_PREFIX_HEADER = "$(SRCROOT)/ZeroIos/Classes/Common/Global/PrefixHeader.pch";
				GCC_WARN_64_TO_32_BIT_CONVERSION = YES;
				GCC_WARN_ABOUT_RETURN_TYPE = YES_ERROR;
				GCC_WARN_UNDECLARED_SELECTOR = YES;
				GCC_WARN_UNINITIALIZED_AUTOS = YES_AGGRESSIVE;
				GCC_WARN_UNUSED_FUNCTION = YES;
				GCC_WARN_UNUSED_VARIABLE = YES;
				INFOPLIST_FILE = "";
				INFOPLIST_PREFIX_HEADER = "";
				IPHONEOS_DEPLOYMENT_TARGET = 11.3;
				MTL_ENABLE_DEBUG_INFO = NO;
				SDKROOT = iphoneos;
				VALIDATE_PRODUCT = YES;
			};
			name = Release;
		};
		95955EBD20A4C0E800755AE7 /* Debug */ = {
			isa = XCBuildConfiguration;
			baseConfigurationReference = B540401FB84561A22DAD9CFB /* Pods-ZeroIos.debug.xcconfig */;
			buildSettings = {
				ASSETCATALOG_COMPILER_APPICON_NAME = AppIcon;
				CODE_SIGN_STYLE = Automatic;
				DEVELOPMENT_TEAM = "";
				FRAMEWORK_SEARCH_PATHS = (
					"$(inherited)",
					"$(PROJECT_DIR)/ZeroAdapter/Framework",
				);
				GCC_PRECOMPILE_PREFIX_HEADER = YES;
				INFOPLIST_FILE = ZeroIos/Others/Info.plist;
				INFOPLIST_PREFIX_HEADER = "$(SRCROOT)/ZeroIos/Classes/Common/Global/PrefixHeader.pch";
				LD_RUNPATH_SEARCH_PATHS = (
					"$(inherited)",
					"@executable_path/Frameworks",
				);
				PRODUCT_BUNDLE_IDENTIFIER = mobi.zerodistance;
				PRODUCT_NAME = "$(TARGET_NAME)";
				TARGETED_DEVICE_FAMILY = 1;
			};
			name = Debug;
		};
		95955EBE20A4C0E800755AE7 /* Release */ = {
			isa = XCBuildConfiguration;
			baseConfigurationReference = 630F56747CC5CE3B00F69CB2 /* Pods-ZeroIos.release.xcconfig */;
			buildSettings = {
				ASSETCATALOG_COMPILER_APPICON_NAME = AppIcon;
				CODE_SIGN_STYLE = Automatic;
				DEVELOPMENT_TEAM = "";
				FRAMEWORK_SEARCH_PATHS = (
					"$(inherited)",
					"$(PROJECT_DIR)/ZeroAdapter/Framework",
				);
				GCC_PRECOMPILE_PREFIX_HEADER = YES;
				INFOPLIST_FILE = ZeroIos/Others/Info.plist;
				INFOPLIST_PREFIX_HEADER = "$(SRCROOT)/ZeroIos/Classes/Common/Global/PrefixHeader.pch";
				LD_RUNPATH_SEARCH_PATHS = (
					"$(inherited)",
					"@executable_path/Frameworks",
				);
				PRODUCT_BUNDLE_IDENTIFIER = mobi.zerodistance;
				PRODUCT_NAME = "$(TARGET_NAME)";
				TARGETED_DEVICE_FAMILY = 1;
			};
			name = Release;
		};
		95955EC020A4C0E800755AE7 /* Debug */ = {
			isa = XCBuildConfiguration;
			buildSettings = {
				BUNDLE_LOADER = "$(TEST_HOST)";
				CODE_SIGN_STYLE = Automatic;
				DEVELOPMENT_TEAM = G5XB43M9CX;
				INFOPLIST_FILE = ZeroIosTests/Info.plist;
				LD_RUNPATH_SEARCH_PATHS = (
					"$(inherited)",
					"@executable_path/Frameworks",
					"@loader_path/Frameworks",
				);
				PRODUCT_BUNDLE_IDENTIFIER = mobi.zerodistance.ZeroIosTests;
				PRODUCT_NAME = "$(TARGET_NAME)";
				TARGETED_DEVICE_FAMILY = "1,2";
				TEST_HOST = "$(BUILT_PRODUCTS_DIR)/ZeroIos.app/ZeroIos";
			};
			name = Debug;
		};
		95955EC120A4C0E800755AE7 /* Release */ = {
			isa = XCBuildConfiguration;
			buildSettings = {
				BUNDLE_LOADER = "$(TEST_HOST)";
				CODE_SIGN_STYLE = Automatic;
				DEVELOPMENT_TEAM = G5XB43M9CX;
				INFOPLIST_FILE = ZeroIosTests/Info.plist;
				LD_RUNPATH_SEARCH_PATHS = (
					"$(inherited)",
					"@executable_path/Frameworks",
					"@loader_path/Frameworks",
				);
				PRODUCT_BUNDLE_IDENTIFIER = mobi.zerodistance.ZeroIosTests;
				PRODUCT_NAME = "$(TARGET_NAME)";
				TARGETED_DEVICE_FAMILY = "1,2";
				TEST_HOST = "$(BUILT_PRODUCTS_DIR)/ZeroIos.app/ZeroIos";
			};
			name = Release;
		};
		95955EC320A4C0E800755AE7 /* Debug */ = {
			isa = XCBuildConfiguration;
			buildSettings = {
				CODE_SIGN_STYLE = Automatic;
				DEVELOPMENT_TEAM = G5XB43M9CX;
				INFOPLIST_FILE = ZeroIosUITests/Info.plist;
				LD_RUNPATH_SEARCH_PATHS = (
					"$(inherited)",
					"@executable_path/Frameworks",
					"@loader_path/Frameworks",
				);
				PRODUCT_BUNDLE_IDENTIFIER = mobi.zerodistance.ZeroIosUITests;
				PRODUCT_NAME = "$(TARGET_NAME)";
				TARGETED_DEVICE_FAMILY = "1,2";
				TEST_TARGET_NAME = ZeroIos;
			};
			name = Debug;
		};
		95955EC420A4C0E800755AE7 /* Release */ = {
			isa = XCBuildConfiguration;
			buildSettings = {
				CODE_SIGN_STYLE = Automatic;
				DEVELOPMENT_TEAM = G5XB43M9CX;
				INFOPLIST_FILE = ZeroIosUITests/Info.plist;
				LD_RUNPATH_SEARCH_PATHS = (
					"$(inherited)",
					"@executable_path/Frameworks",
					"@loader_path/Frameworks",
				);
				PRODUCT_BUNDLE_IDENTIFIER = mobi.zerodistance.ZeroIosUITests;
				PRODUCT_NAME = "$(TARGET_NAME)";
				TARGETED_DEVICE_FAMILY = "1,2";
				TEST_TARGET_NAME = ZeroIos;
			};
			name = Release;
		};
/* End XCBuildConfiguration section */

/* Begin XCConfigurationList section */
		95955E8B20A4C0E600755AE7 /* Build configuration list for PBXProject "ZeroIos" */ = {
			isa = XCConfigurationList;
			buildConfigurations = (
				95955EBA20A4C0E800755AE7 /* Debug */,
				95955EBB20A4C0E800755AE7 /* Release */,
			);
			defaultConfigurationIsVisible = 0;
			defaultConfigurationName = Debug;
		};
		95955EBC20A4C0E800755AE7 /* Build configuration list for PBXNativeTarget "ZeroIos" */ = {
			isa = XCConfigurationList;
			buildConfigurations = (
				95955EBD20A4C0E800755AE7 /* Debug */,
				95955EBE20A4C0E800755AE7 /* Release */,
			);
			defaultConfigurationIsVisible = 0;
			defaultConfigurationName = Debug;
		};
		95955EBF20A4C0E800755AE7 /* Build configuration list for PBXNativeTarget "ZeroIosTests" */ = {
			isa = XCConfigurationList;
			buildConfigurations = (
				95955EC020A4C0E800755AE7 /* Debug */,
				95955EC120A4C0E800755AE7 /* Release */,
			);
			defaultConfigurationIsVisible = 0;
			defaultConfigurationName = Debug;
		};
		95955EC220A4C0E800755AE7 /* Build configuration list for PBXNativeTarget "ZeroIosUITests" */ = {
			isa = XCConfigurationList;
			buildConfigurations = (
				95955EC320A4C0E800755AE7 /* Debug */,
				95955EC420A4C0E800755AE7 /* Release */,
			);
			defaultConfigurationIsVisible = 0;
			defaultConfigurationName = Debug;
		};
/* End XCConfigurationList section */
	};
	rootObject = 95955E8820A4C0E600755AE7 /* Project object */;
}
